// !$*UTF8*$!
{
	archiveVersion = 1;
	classes = {
	};
	objectVersion = 50;
	objects = {

/* Begin PBXBuildFile section */
		2145203C138997320BA5897D /* Pods_MeChef.framework in Frameworks */ = {isa = PBXBuildFile; fileRef = 68821EE02BE2B187393C88B2 /* Pods_MeChef.framework */; };
		DA57E4DD222C571F0086B5DA /* ChefViewModel.swift in Sources */ = {isa = PBXBuildFile; fileRef = DA57E4DC222C571F0086B5DA /* ChefViewModel.swift */; };
		DA57E4E0222C57790086B5DA /* ChefViewController.swift in Sources */ = {isa = PBXBuildFile; fileRef = DA57E4DE222C57790086B5DA /* ChefViewController.swift */; };
		DA57E4E1222C57790086B5DA /* ChefViewController.xib in Resources */ = {isa = PBXBuildFile; fileRef = DA57E4DF222C57790086B5DA /* ChefViewController.xib */; };
		DA57E4E3222C58D30086B5DA /* NavigationService+ChefViewController.swift in Sources */ = {isa = PBXBuildFile; fileRef = DA57E4E2222C58D30086B5DA /* NavigationService+ChefViewController.swift */; };
		DA84549F222D1EA80052A8D2 /* LoginViewController.swift in Sources */ = {isa = PBXBuildFile; fileRef = DA84549D222D1EA80052A8D2 /* LoginViewController.swift */; };
		DA8454A0222D1EA80052A8D2 /* LoginViewController.xib in Resources */ = {isa = PBXBuildFile; fileRef = DA84549E222D1EA80052A8D2 /* LoginViewController.xib */; };
		DA8454A2222D1F0F0052A8D2 /* NavigationService+LoginViewController.swift in Sources */ = {isa = PBXBuildFile; fileRef = DA8454A1222D1F0F0052A8D2 /* NavigationService+LoginViewController.swift */; };
		DA8454A4222D1F8A0052A8D2 /* LoginViewModel.swift in Sources */ = {isa = PBXBuildFile; fileRef = DA8454A3222D1F8A0052A8D2 /* LoginViewModel.swift */; };
		DA979BE9222C912600D452B9 /* NavigationService+ProfileViewController.swift in Sources */ = {isa = PBXBuildFile; fileRef = DA979BE8222C912600D452B9 /* NavigationService+ProfileViewController.swift */; };
		DA979BEB222C914100D452B9 /* ProfileViewModel.swift in Sources */ = {isa = PBXBuildFile; fileRef = DA979BEA222C914100D452B9 /* ProfileViewModel.swift */; };
		DA979BEE222C914F00D452B9 /* ProfileViewController.swift in Sources */ = {isa = PBXBuildFile; fileRef = DA979BEC222C914F00D452B9 /* ProfileViewController.swift */; };
		DA979BEF222C914F00D452B9 /* ProfileViewController.xib in Resources */ = {isa = PBXBuildFile; fileRef = DA979BED222C914F00D452B9 /* ProfileViewController.xib */; };
		DA9E0749222E6D910094A69D /* UserDefaults+UserSession.swift in Sources */ = {isa = PBXBuildFile; fileRef = DA9E0748222E6D910094A69D /* UserDefaults+UserSession.swift */; };
		DA9E074E222E6FBA0094A69D /* UserDefaults+MappableDataTypes.swift in Sources */ = {isa = PBXBuildFile; fileRef = DA9E074D222E6FBA0094A69D /* UserDefaults+MappableDataTypes.swift */; };
		DA9E0750222E71250094A69D /* SessionService.swift in Sources */ = {isa = PBXBuildFile; fileRef = DA9E074F222E71250094A69D /* SessionService.swift */; };
		DAA8CD30222C5F8E0088FA48 /* NavigationService+MainTabViewController.swift in Sources */ = {isa = PBXBuildFile; fileRef = DAA8CD2F222C5F8E0088FA48 /* NavigationService+MainTabViewController.swift */; };
		DAAFED6E222E592B00F8F1BE /* UsersRequests.swift in Sources */ = {isa = PBXBuildFile; fileRef = DAAFED6D222E592B00F8F1BE /* UsersRequests.swift */; };
		DAC99464222BE680000282F1 /* UIColor+Extensions.swift in Sources */ = {isa = PBXBuildFile; fileRef = DAC99463222BE680000282F1 /* UIColor+Extensions.swift */; };
		DAC99467222BE7CE000282F1 /* NavigationService+DishesViewController.swift in Sources */ = {isa = PBXBuildFile; fileRef = DAC99466222BE7CE000282F1 /* NavigationService+DishesViewController.swift */; };
		DAC9946C222BE7F3000282F1 /* DishesViewController.swift in Sources */ = {isa = PBXBuildFile; fileRef = DAC9946A222BE7F3000282F1 /* DishesViewController.swift */; };
		DAC9946D222BE7F3000282F1 /* DishesViewController.xib in Resources */ = {isa = PBXBuildFile; fileRef = DAC9946B222BE7F3000282F1 /* DishesViewController.xib */; };
		DAC9946F222BE80B000282F1 /* DishesViewModel.swift in Sources */ = {isa = PBXBuildFile; fileRef = DAC9946E222BE80B000282F1 /* DishesViewModel.swift */; };
		DAC99474222BE97C000282F1 /* DishTableViewCell.swift in Sources */ = {isa = PBXBuildFile; fileRef = DAC99472222BE97C000282F1 /* DishTableViewCell.swift */; };
		DAC99475222BE97C000282F1 /* DishTableViewCell.xib in Resources */ = {isa = PBXBuildFile; fileRef = DAC99473222BE97C000282F1 /* DishTableViewCell.xib */; };
		DADF5A26222AAE460064DB75 /* RequestError.swift in Sources */ = {isa = PBXBuildFile; fileRef = DADF5A25222AAE460064DB75 /* RequestError.swift */; };
		DADF5A28222AAE5A0064DB75 /* LeadKitError.swift in Sources */ = {isa = PBXBuildFile; fileRef = DADF5A27222AAE5A0064DB75 /* LeadKitError.swift */; };
		DADF5A2A222AAEB10064DB75 /* NetworkService+Extensions.swift in Sources */ = {isa = PBXBuildFile; fileRef = DADF5A29222AAEB10064DB75 /* NetworkService+Extensions.swift */; };
		DADFF2C0222E847300BB6404 /* DishViewModel.swift in Sources */ = {isa = PBXBuildFile; fileRef = DADFF2BF222E847300BB6404 /* DishViewModel.swift */; };
		DADFF2C3222E848000BB6404 /* DishViewController.swift in Sources */ = {isa = PBXBuildFile; fileRef = DADFF2C1222E848000BB6404 /* DishViewController.swift */; };
		DADFF2C4222E848000BB6404 /* DishViewController.xib in Resources */ = {isa = PBXBuildFile; fileRef = DADFF2C2222E848000BB6404 /* DishViewController.xib */; };
		DADFF2C6222E84BB00BB6404 /* NavigationService+DishViewController.swift in Sources */ = {isa = PBXBuildFile; fileRef = DADFF2C5222E84BB00BB6404 /* NavigationService+DishViewController.swift */; };
		DADFF2CC222E878C00BB6404 /* RegisterViewController.swift in Sources */ = {isa = PBXBuildFile; fileRef = DADFF2CA222E878C00BB6404 /* RegisterViewController.swift */; };
		DADFF2CD222E878C00BB6404 /* RegisterViewController.xib in Resources */ = {isa = PBXBuildFile; fileRef = DADFF2CB222E878C00BB6404 /* RegisterViewController.xib */; };
		DADFF2CF222E885A00BB6404 /* RegisterViewModel.swift in Sources */ = {isa = PBXBuildFile; fileRef = DADFF2CE222E885A00BB6404 /* RegisterViewModel.swift */; };
		DADFF2D1222E888700BB6404 /* NavigationService+RegisterViewController.swift in Sources */ = {isa = PBXBuildFile; fileRef = DADFF2D0222E888700BB6404 /* NavigationService+RegisterViewController.swift */; };
		DAF4FE1F222ACFEF00F208DB /* NavigationService.swift in Sources */ = {isa = PBXBuildFile; fileRef = DAF4FE1E222ACFEF00F208DB /* NavigationService.swift */; };
		DAF4FE22222AD02700F208DB /* ChefsViewController.swift in Sources */ = {isa = PBXBuildFile; fileRef = DAF4FE20222AD02700F208DB /* ChefsViewController.swift */; };
		DAF4FE23222AD02700F208DB /* ChefsViewController.xib in Resources */ = {isa = PBXBuildFile; fileRef = DAF4FE21222AD02700F208DB /* ChefsViewController.xib */; };
		DAF4FE25222AD03A00F208DB /* ChefsViewModel.swift in Sources */ = {isa = PBXBuildFile; fileRef = DAF4FE24222AD03A00F208DB /* ChefsViewModel.swift */; };
		DAF4FE28222AD0AB00F208DB /* MainTabViewController.swift in Sources */ = {isa = PBXBuildFile; fileRef = DAF4FE27222AD0AB00F208DB /* MainTabViewController.swift */; };
		DAF4FE2A222AD2C500F208DB /* AppDelegate+Extensions.swift in Sources */ = {isa = PBXBuildFile; fileRef = DAF4FE29222AD2C500F208DB /* AppDelegate+Extensions.swift */; };
		DAF4FE2C222AD30F00F208DB /* UIViewController+Extensions.swift in Sources */ = {isa = PBXBuildFile; fileRef = DAF4FE2B222AD30F00F208DB /* UIViewController+Extensions.swift */; };
		DAF4FE2E222AD35C00F208DB /* NavigationService+ChefsViewController.swift in Sources */ = {isa = PBXBuildFile; fileRef = DAF4FE2D222AD35C00F208DB /* NavigationService+ChefsViewController.swift */; };
		DAF4FE33222AD82200F208DB /* ChefTableViewCell.swift in Sources */ = {isa = PBXBuildFile; fileRef = DAF4FE31222AD82200F208DB /* ChefTableViewCell.swift */; };
		DAF4FE34222AD82200F208DB /* ChefTableViewCell.xib in Resources */ = {isa = PBXBuildFile; fileRef = DAF4FE32222AD82200F208DB /* ChefTableViewCell.xib */; };
		DAF4FE36222ADA7000F208DB /* ChefsRequests.swift in Sources */ = {isa = PBXBuildFile; fileRef = DAF4FE35222ADA7000F208DB /* ChefsRequests.swift */; };
		DAFA9B752228907100B2CD4D /* AppDelegate.swift in Sources */ = {isa = PBXBuildFile; fileRef = DAFA9B742228907100B2CD4D /* AppDelegate.swift */; };
		DAFA9B7C2228907100B2CD4D /* Main.storyboard in Resources */ = {isa = PBXBuildFile; fileRef = DAFA9B7A2228907100B2CD4D /* Main.storyboard */; };
		DAFA9B7E2228907200B2CD4D /* Assets.xcassets in Resources */ = {isa = PBXBuildFile; fileRef = DAFA9B7D2228907200B2CD4D /* Assets.xcassets */; };
		DAFA9B812228907200B2CD4D /* LaunchScreen.storyboard in Resources */ = {isa = PBXBuildFile; fileRef = DAFA9B7F2228907200B2CD4D /* LaunchScreen.storyboard */; };
		DAFD096B22297AA400F1255A /* NetworkService.swift in Sources */ = {isa = PBXBuildFile; fileRef = DAFD096A22297AA400F1255A /* NetworkService.swift */; };
		DAFD096F2229816C00F1255A /* Models.swift in Sources */ = {isa = PBXBuildFile; fileRef = DAFD096E2229816C00F1255A /* Models.swift */; };
		DAFD09752229872700F1255A /* ApiRequestParameters.swift in Sources */ = {isa = PBXBuildFile; fileRef = DAFD09742229872700F1255A /* ApiRequestParameters.swift */; };
		DAFD09782229903E00F1255A /* DishesRequests.swift in Sources */ = {isa = PBXBuildFile; fileRef = DAFD09772229903E00F1255A /* DishesRequests.swift */; };
/* End PBXBuildFile section */

/* Begin PBXFileReference section */
		68821EE02BE2B187393C88B2 /* Pods_MeChef.framework */ = {isa = PBXFileReference; explicitFileType = wrapper.framework; includeInIndex = 0; path = Pods_MeChef.framework; sourceTree = BUILT_PRODUCTS_DIR; };
		D820362D14F07E8CE325649B /* Pods-MeChef.release.xcconfig */ = {isa = PBXFileReference; includeInIndex = 1; lastKnownFileType = text.xcconfig; name = "Pods-MeChef.release.xcconfig"; path = "Pods/Target Support Files/Pods-MeChef/Pods-MeChef.release.xcconfig"; sourceTree = "<group>"; };
		DA57E4DC222C571F0086B5DA /* ChefViewModel.swift */ = {isa = PBXFileReference; lastKnownFileType = sourcecode.swift; path = ChefViewModel.swift; sourceTree = "<group>"; };
		DA57E4DE222C57790086B5DA /* ChefViewController.swift */ = {isa = PBXFileReference; lastKnownFileType = sourcecode.swift; path = ChefViewController.swift; sourceTree = "<group>"; };
		DA57E4DF222C57790086B5DA /* ChefViewController.xib */ = {isa = PBXFileReference; lastKnownFileType = file.xib; path = ChefViewController.xib; sourceTree = "<group>"; };
		DA57E4E2222C58D30086B5DA /* NavigationService+ChefViewController.swift */ = {isa = PBXFileReference; lastKnownFileType = sourcecode.swift; path = "NavigationService+ChefViewController.swift"; sourceTree = "<group>"; };
		DA84549D222D1EA80052A8D2 /* LoginViewController.swift */ = {isa = PBXFileReference; lastKnownFileType = sourcecode.swift; path = LoginViewController.swift; sourceTree = "<group>"; };
		DA84549E222D1EA80052A8D2 /* LoginViewController.xib */ = {isa = PBXFileReference; lastKnownFileType = file.xib; path = LoginViewController.xib; sourceTree = "<group>"; };
		DA8454A1222D1F0F0052A8D2 /* NavigationService+LoginViewController.swift */ = {isa = PBXFileReference; lastKnownFileType = sourcecode.swift; path = "NavigationService+LoginViewController.swift"; sourceTree = "<group>"; };
		DA8454A3222D1F8A0052A8D2 /* LoginViewModel.swift */ = {isa = PBXFileReference; lastKnownFileType = sourcecode.swift; path = LoginViewModel.swift; sourceTree = "<group>"; };
		DA979BE8222C912600D452B9 /* NavigationService+ProfileViewController.swift */ = {isa = PBXFileReference; lastKnownFileType = sourcecode.swift; path = "NavigationService+ProfileViewController.swift"; sourceTree = "<group>"; };
		DA979BEA222C914100D452B9 /* ProfileViewModel.swift */ = {isa = PBXFileReference; lastKnownFileType = sourcecode.swift; path = ProfileViewModel.swift; sourceTree = "<group>"; };
		DA979BEC222C914F00D452B9 /* ProfileViewController.swift */ = {isa = PBXFileReference; lastKnownFileType = sourcecode.swift; path = ProfileViewController.swift; sourceTree = "<group>"; };
		DA979BED222C914F00D452B9 /* ProfileViewController.xib */ = {isa = PBXFileReference; lastKnownFileType = file.xib; path = ProfileViewController.xib; sourceTree = "<group>"; };
		DA9E0748222E6D910094A69D /* UserDefaults+UserSession.swift */ = {isa = PBXFileReference; lastKnownFileType = sourcecode.swift; path = "UserDefaults+UserSession.swift"; sourceTree = "<group>"; };
		DA9E074D222E6FBA0094A69D /* UserDefaults+MappableDataTypes.swift */ = {isa = PBXFileReference; lastKnownFileType = sourcecode.swift; path = "UserDefaults+MappableDataTypes.swift"; sourceTree = "<group>"; };
		DA9E074F222E71250094A69D /* SessionService.swift */ = {isa = PBXFileReference; lastKnownFileType = sourcecode.swift; path = SessionService.swift; sourceTree = "<group>"; };
		DAA8CD2F222C5F8E0088FA48 /* NavigationService+MainTabViewController.swift */ = {isa = PBXFileReference; lastKnownFileType = sourcecode.swift; path = "NavigationService+MainTabViewController.swift"; sourceTree = "<group>"; };
		DAAFED6D222E592B00F8F1BE /* UsersRequests.swift */ = {isa = PBXFileReference; lastKnownFileType = sourcecode.swift; path = UsersRequests.swift; sourceTree = "<group>"; };
		DAC99463222BE680000282F1 /* UIColor+Extensions.swift */ = {isa = PBXFileReference; lastKnownFileType = sourcecode.swift; path = "UIColor+Extensions.swift"; sourceTree = "<group>"; };
		DAC99466222BE7CE000282F1 /* NavigationService+DishesViewController.swift */ = {isa = PBXFileReference; lastKnownFileType = sourcecode.swift; path = "NavigationService+DishesViewController.swift"; sourceTree = "<group>"; };
		DAC9946A222BE7F3000282F1 /* DishesViewController.swift */ = {isa = PBXFileReference; lastKnownFileType = sourcecode.swift; path = DishesViewController.swift; sourceTree = "<group>"; };
		DAC9946B222BE7F3000282F1 /* DishesViewController.xib */ = {isa = PBXFileReference; lastKnownFileType = file.xib; path = DishesViewController.xib; sourceTree = "<group>"; };
		DAC9946E222BE80B000282F1 /* DishesViewModel.swift */ = {isa = PBXFileReference; lastKnownFileType = sourcecode.swift; path = DishesViewModel.swift; sourceTree = "<group>"; };
		DAC99472222BE97C000282F1 /* DishTableViewCell.swift */ = {isa = PBXFileReference; lastKnownFileType = sourcecode.swift; path = DishTableViewCell.swift; sourceTree = "<group>"; };
		DAC99473222BE97C000282F1 /* DishTableViewCell.xib */ = {isa = PBXFileReference; lastKnownFileType = file.xib; path = DishTableViewCell.xib; sourceTree = "<group>"; };
		DADF5A25222AAE460064DB75 /* RequestError.swift */ = {isa = PBXFileReference; lastKnownFileType = sourcecode.swift; path = RequestError.swift; sourceTree = "<group>"; };
		DADF5A27222AAE5A0064DB75 /* LeadKitError.swift */ = {isa = PBXFileReference; lastKnownFileType = sourcecode.swift; path = LeadKitError.swift; sourceTree = "<group>"; };
		DADF5A29222AAEB10064DB75 /* NetworkService+Extensions.swift */ = {isa = PBXFileReference; lastKnownFileType = sourcecode.swift; path = "NetworkService+Extensions.swift"; sourceTree = "<group>"; };
		DADFF2BF222E847300BB6404 /* DishViewModel.swift */ = {isa = PBXFileReference; lastKnownFileType = sourcecode.swift; path = DishViewModel.swift; sourceTree = "<group>"; };
		DADFF2C1222E848000BB6404 /* DishViewController.swift */ = {isa = PBXFileReference; lastKnownFileType = sourcecode.swift; path = DishViewController.swift; sourceTree = "<group>"; };
		DADFF2C2222E848000BB6404 /* DishViewController.xib */ = {isa = PBXFileReference; lastKnownFileType = file.xib; path = DishViewController.xib; sourceTree = "<group>"; };
		DADFF2C5222E84BB00BB6404 /* NavigationService+DishViewController.swift */ = {isa = PBXFileReference; lastKnownFileType = sourcecode.swift; path = "NavigationService+DishViewController.swift"; sourceTree = "<group>"; };
		DADFF2CA222E878C00BB6404 /* RegisterViewController.swift */ = {isa = PBXFileReference; lastKnownFileType = sourcecode.swift; path = RegisterViewController.swift; sourceTree = "<group>"; };
		DADFF2CB222E878C00BB6404 /* RegisterViewController.xib */ = {isa = PBXFileReference; lastKnownFileType = file.xib; path = RegisterViewController.xib; sourceTree = "<group>"; };
		DADFF2CE222E885A00BB6404 /* RegisterViewModel.swift */ = {isa = PBXFileReference; lastKnownFileType = sourcecode.swift; path = RegisterViewModel.swift; sourceTree = "<group>"; };
		DADFF2D0222E888700BB6404 /* NavigationService+RegisterViewController.swift */ = {isa = PBXFileReference; lastKnownFileType = sourcecode.swift; path = "NavigationService+RegisterViewController.swift"; sourceTree = "<group>"; };
		DAF4FE1E222ACFEF00F208DB /* NavigationService.swift */ = {isa = PBXFileReference; lastKnownFileType = sourcecode.swift; path = NavigationService.swift; sourceTree = "<group>"; };
		DAF4FE20222AD02700F208DB /* ChefsViewController.swift */ = {isa = PBXFileReference; lastKnownFileType = sourcecode.swift; path = ChefsViewController.swift; sourceTree = "<group>"; };
		DAF4FE21222AD02700F208DB /* ChefsViewController.xib */ = {isa = PBXFileReference; lastKnownFileType = file.xib; path = ChefsViewController.xib; sourceTree = "<group>"; };
		DAF4FE24222AD03A00F208DB /* ChefsViewModel.swift */ = {isa = PBXFileReference; lastKnownFileType = sourcecode.swift; path = ChefsViewModel.swift; sourceTree = "<group>"; };
		DAF4FE27222AD0AB00F208DB /* MainTabViewController.swift */ = {isa = PBXFileReference; lastKnownFileType = sourcecode.swift; path = MainTabViewController.swift; sourceTree = "<group>"; };
		DAF4FE29222AD2C500F208DB /* AppDelegate+Extensions.swift */ = {isa = PBXFileReference; lastKnownFileType = sourcecode.swift; path = "AppDelegate+Extensions.swift"; sourceTree = "<group>"; };
		DAF4FE2B222AD30F00F208DB /* UIViewController+Extensions.swift */ = {isa = PBXFileReference; lastKnownFileType = sourcecode.swift; path = "UIViewController+Extensions.swift"; sourceTree = "<group>"; };
		DAF4FE2D222AD35C00F208DB /* NavigationService+ChefsViewController.swift */ = {isa = PBXFileReference; lastKnownFileType = sourcecode.swift; path = "NavigationService+ChefsViewController.swift"; sourceTree = "<group>"; };
		DAF4FE31222AD82200F208DB /* ChefTableViewCell.swift */ = {isa = PBXFileReference; lastKnownFileType = sourcecode.swift; path = ChefTableViewCell.swift; sourceTree = "<group>"; };
		DAF4FE32222AD82200F208DB /* ChefTableViewCell.xib */ = {isa = PBXFileReference; lastKnownFileType = file.xib; path = ChefTableViewCell.xib; sourceTree = "<group>"; };
		DAF4FE35222ADA7000F208DB /* ChefsRequests.swift */ = {isa = PBXFileReference; lastKnownFileType = sourcecode.swift; path = ChefsRequests.swift; sourceTree = "<group>"; };
		DAFA9B712228907100B2CD4D /* MeChef.app */ = {isa = PBXFileReference; explicitFileType = wrapper.application; includeInIndex = 0; path = MeChef.app; sourceTree = BUILT_PRODUCTS_DIR; };
		DAFA9B742228907100B2CD4D /* AppDelegate.swift */ = {isa = PBXFileReference; lastKnownFileType = sourcecode.swift; path = AppDelegate.swift; sourceTree = "<group>"; };
		DAFA9B7B2228907100B2CD4D /* Base */ = {isa = PBXFileReference; lastKnownFileType = file.storyboard; name = Base; path = Base.lproj/Main.storyboard; sourceTree = "<group>"; };
		DAFA9B7D2228907200B2CD4D /* Assets.xcassets */ = {isa = PBXFileReference; lastKnownFileType = folder.assetcatalog; path = Assets.xcassets; sourceTree = "<group>"; };
		DAFA9B802228907200B2CD4D /* Base */ = {isa = PBXFileReference; lastKnownFileType = file.storyboard; name = Base; path = Base.lproj/LaunchScreen.storyboard; sourceTree = "<group>"; };
		DAFA9B822228907200B2CD4D /* Info.plist */ = {isa = PBXFileReference; lastKnownFileType = text.plist.xml; path = Info.plist; sourceTree = "<group>"; };
		DAFD096A22297AA400F1255A /* NetworkService.swift */ = {isa = PBXFileReference; lastKnownFileType = sourcecode.swift; path = NetworkService.swift; sourceTree = "<group>"; };
		DAFD096E2229816C00F1255A /* Models.swift */ = {isa = PBXFileReference; fileEncoding = 4; lastKnownFileType = sourcecode.swift; path = Models.swift; sourceTree = "<group>"; };
		DAFD09742229872700F1255A /* ApiRequestParameters.swift */ = {isa = PBXFileReference; lastKnownFileType = sourcecode.swift; path = ApiRequestParameters.swift; sourceTree = "<group>"; };
		DAFD09772229903E00F1255A /* DishesRequests.swift */ = {isa = PBXFileReference; lastKnownFileType = sourcecode.swift; path = DishesRequests.swift; sourceTree = "<group>"; };
		F1E6713CA8F446E686381782 /* Pods-MeChef.debug.xcconfig */ = {isa = PBXFileReference; includeInIndex = 1; lastKnownFileType = text.xcconfig; name = "Pods-MeChef.debug.xcconfig"; path = "Pods/Target Support Files/Pods-MeChef/Pods-MeChef.debug.xcconfig"; sourceTree = "<group>"; };
/* End PBXFileReference section */

/* Begin PBXFrameworksBuildPhase section */
		DAFA9B6E2228907100B2CD4D /* Frameworks */ = {
			isa = PBXFrameworksBuildPhase;
			buildActionMask = 2147483647;
			files = (
				2145203C138997320BA5897D /* Pods_MeChef.framework in Frameworks */,
			);
			runOnlyForDeploymentPostprocessing = 0;
		};
/* End PBXFrameworksBuildPhase section */

/* Begin PBXGroup section */
		DA57E4D8222C56CA0086B5DA /* ChefViewController */ = {
			isa = PBXGroup;
			children = (
				DA57E4E2222C58D30086B5DA /* NavigationService+ChefViewController.swift */,
				DA57E4D9222C56E10086B5DA /* View */,
				DA57E4DB222C56EB0086B5DA /* ViewModel */,
			);
			path = ChefViewController;
			sourceTree = "<group>";
		};
		DA57E4D9222C56E10086B5DA /* View */ = {
			isa = PBXGroup;
			children = (
				DA57E4DE222C57790086B5DA /* ChefViewController.swift */,
				DA57E4DF222C57790086B5DA /* ChefViewController.xib */,
			);
			path = View;
			sourceTree = "<group>";
		};
		DA57E4DB222C56EB0086B5DA /* ViewModel */ = {
			isa = PBXGroup;
			children = (
				DA57E4DC222C571F0086B5DA /* ChefViewModel.swift */,
			);
			path = ViewModel;
			sourceTree = "<group>";
		};
		DA84549A222D1E880052A8D2 /* LoginViewController */ = {
			isa = PBXGroup;
			children = (
				DA8454A1222D1F0F0052A8D2 /* NavigationService+LoginViewController.swift */,
				DA84549C222D1E990052A8D2 /* View */,
				DA84549B222D1E930052A8D2 /* ViewModel */,
			);
			path = LoginViewController;
			sourceTree = "<group>";
		};
		DA84549B222D1E930052A8D2 /* ViewModel */ = {
			isa = PBXGroup;
			children = (
				DA8454A3222D1F8A0052A8D2 /* LoginViewModel.swift */,
			);
			path = ViewModel;
			sourceTree = "<group>";
		};
		DA84549C222D1E990052A8D2 /* View */ = {
			isa = PBXGroup;
			children = (
				DA84549D222D1EA80052A8D2 /* LoginViewController.swift */,
				DA84549E222D1EA80052A8D2 /* LoginViewController.xib */,
			);
			path = View;
			sourceTree = "<group>";
		};
		DA967C3504E28781135240AE /* Pods */ = {
			isa = PBXGroup;
			children = (
				F1E6713CA8F446E686381782 /* Pods-MeChef.debug.xcconfig */,
				D820362D14F07E8CE325649B /* Pods-MeChef.release.xcconfig */,
			);
			name = Pods;
			sourceTree = "<group>";
		};
		DA979BDB222C8AFC00D452B9 /* ProfileViewController */ = {
			isa = PBXGroup;
			children = (
				DA979BE8222C912600D452B9 /* NavigationService+ProfileViewController.swift */,
				DA979BE6222C90FC00D452B9 /* View */,
				DA979BE7222C910100D452B9 /* ViewModel */,
			);
			path = ProfileViewController;
			sourceTree = "<group>";
		};
		DA979BE6222C90FC00D452B9 /* View */ = {
			isa = PBXGroup;
			children = (
				DA979BEC222C914F00D452B9 /* ProfileViewController.swift */,
				DA979BED222C914F00D452B9 /* ProfileViewController.xib */,
			);
			path = View;
			sourceTree = "<group>";
		};
		DA979BE7222C910100D452B9 /* ViewModel */ = {
			isa = PBXGroup;
			children = (
				DA979BEA222C914100D452B9 /* ProfileViewModel.swift */,
			);
			path = ViewModel;
			sourceTree = "<group>";
		};
		DA9E074A222E6DE80094A69D /* UserDefaults */ = {
			isa = PBXGroup;
			children = (
				DA9E0748222E6D910094A69D /* UserDefaults+UserSession.swift */,
				DA9E074D222E6FBA0094A69D /* UserDefaults+MappableDataTypes.swift */,
			);
			path = UserDefaults;
			sourceTree = "<group>";
		};
		DAC99462222BE621000282F1 /* Appearance */ = {
			isa = PBXGroup;
			children = (
				DAC99463222BE680000282F1 /* UIColor+Extensions.swift */,
			);
			path = Appearance;
			sourceTree = "<group>";
		};
		DAC99465222BE7B2000282F1 /* DishesViewController */ = {
			isa = PBXGroup;
			children = (
				DAC99466222BE7CE000282F1 /* NavigationService+DishesViewController.swift */,
				DAC99468222BE7D3000282F1 /* View */,
				DAC99469222BE7D7000282F1 /* ViewModel */,
			);
			path = DishesViewController;
			sourceTree = "<group>";
		};
		DAC99468222BE7D3000282F1 /* View */ = {
			isa = PBXGroup;
			children = (
				DAC9946A222BE7F3000282F1 /* DishesViewController.swift */,
				DAC9946B222BE7F3000282F1 /* DishesViewController.xib */,
			);
			path = View;
			sourceTree = "<group>";
		};
		DAC99469222BE7D7000282F1 /* ViewModel */ = {
			isa = PBXGroup;
			children = (
				DAC9946E222BE80B000282F1 /* DishesViewModel.swift */,
			);
			path = ViewModel;
			sourceTree = "<group>";
		};
		DAC99470222BE95F000282F1 /* DishesController */ = {
			isa = PBXGroup;
			children = (
				DAC99471222BE96A000282F1 /* Dish */,
			);
			path = DishesController;
			sourceTree = "<group>";
		};
		DAC99471222BE96A000282F1 /* Dish */ = {
			isa = PBXGroup;
			children = (
				DAC99472222BE97C000282F1 /* DishTableViewCell.swift */,
				DAC99473222BE97C000282F1 /* DishTableViewCell.xib */,
			);
			path = Dish;
			sourceTree = "<group>";
		};
		DADF5A24222AAE370064DB75 /* Enums */ = {
			isa = PBXGroup;
			children = (
				DADF5A25222AAE460064DB75 /* RequestError.swift */,
				DADF5A27222AAE5A0064DB75 /* LeadKitError.swift */,
			);
			path = Enums;
			sourceTree = "<group>";
		};
		DADFF2BC222E845200BB6404 /* DishViewController */ = {
			isa = PBXGroup;
			children = (
				DADFF2C5222E84BB00BB6404 /* NavigationService+DishViewController.swift */,
				DADFF2BD222E845D00BB6404 /* View */,
				DADFF2BE222E846100BB6404 /* ViewModel */,
			);
			path = DishViewController;
			sourceTree = "<group>";
		};
		DADFF2BD222E845D00BB6404 /* View */ = {
			isa = PBXGroup;
			children = (
				DADFF2C1222E848000BB6404 /* DishViewController.swift */,
				DADFF2C2222E848000BB6404 /* DishViewController.xib */,
			);
			path = View;
			sourceTree = "<group>";
		};
		DADFF2BE222E846100BB6404 /* ViewModel */ = {
			isa = PBXGroup;
			children = (
				DADFF2BF222E847300BB6404 /* DishViewModel.swift */,
			);
			path = ViewModel;
			sourceTree = "<group>";
		};
		DADFF2C7222E876800BB6404 /* RegisterViewController */ = {
			isa = PBXGroup;
			children = (
				DADFF2D0222E888700BB6404 /* NavigationService+RegisterViewController.swift */,
				DADFF2C8222E877700BB6404 /* View */,
				DADFF2C9222E877C00BB6404 /* ViewModel */,
			);
			path = RegisterViewController;
			sourceTree = "<group>";
		};
		DADFF2C8222E877700BB6404 /* View */ = {
			isa = PBXGroup;
			children = (
				DADFF2CA222E878C00BB6404 /* RegisterViewController.swift */,
				DADFF2CB222E878C00BB6404 /* RegisterViewController.xib */,
			);
			path = View;
			sourceTree = "<group>";
		};
		DADFF2C9222E877C00BB6404 /* ViewModel */ = {
			isa = PBXGroup;
			children = (
				DADFF2CE222E885A00BB6404 /* RegisterViewModel.swift */,
			);
			path = ViewModel;
			sourceTree = "<group>";
		};
		DAF4FE1A222ACF8D00F208DB /* ChefsViewController */ = {
			isa = PBXGroup;
			children = (
				DAF4FE2D222AD35C00F208DB /* NavigationService+ChefsViewController.swift */,
				DAF4FE1B222ACFAE00F208DB /* View */,
				DAF4FE1C222ACFBB00F208DB /* ViewModel */,
			);
			path = ChefsViewController;
			sourceTree = "<group>";
		};
		DAF4FE1B222ACFAE00F208DB /* View */ = {
			isa = PBXGroup;
			children = (
				DAF4FE20222AD02700F208DB /* ChefsViewController.swift */,
				DAF4FE21222AD02700F208DB /* ChefsViewController.xib */,
			);
			path = View;
			sourceTree = "<group>";
		};
		DAF4FE1C222ACFBB00F208DB /* ViewModel */ = {
			isa = PBXGroup;
			children = (
				DAF4FE24222AD03A00F208DB /* ChefsViewModel.swift */,
			);
			path = ViewModel;
			sourceTree = "<group>";
		};
		DAF4FE1D222ACFDE00F208DB /* NavigationService */ = {
			isa = PBXGroup;
			children = (
				DAF4FE1E222ACFEF00F208DB /* NavigationService.swift */,
			);
			path = NavigationService;
			sourceTree = "<group>";
		};
		DAF4FE26222AD06900F208DB /* MainTabViewController */ = {
			isa = PBXGroup;
			children = (
				DAF4FE27222AD0AB00F208DB /* MainTabViewController.swift */,
				DAA8CD2F222C5F8E0088FA48 /* NavigationService+MainTabViewController.swift */,
			);
			path = MainTabViewController;
			sourceTree = "<group>";
		};
		DAF4FE2F222AD7AD00F208DB /* ChefsController */ = {
			isa = PBXGroup;
			children = (
				DAF4FE30222AD7E200F208DB /* Chef */,
			);
			path = ChefsController;
			sourceTree = "<group>";
		};
		DAF4FE30222AD7E200F208DB /* Chef */ = {
			isa = PBXGroup;
			children = (
				DAF4FE31222AD82200F208DB /* ChefTableViewCell.swift */,
				DAF4FE32222AD82200F208DB /* ChefTableViewCell.xib */,
			);
			path = Chef;
			sourceTree = "<group>";
		};
		DAFA9B682228907100B2CD4D = {
			isa = PBXGroup;
			children = (
				DAFA9B732228907100B2CD4D /* MeChef */,
				DAFD096D2229816C00F1255A /* Generated */,
				DAFA9B722228907100B2CD4D /* Products */,
				DA967C3504E28781135240AE /* Pods */,
				F2CACE70F004F25205BD3ECB /* Frameworks */,
			);
			sourceTree = "<group>";
		};
		DAFA9B722228907100B2CD4D /* Products */ = {
			isa = PBXGroup;
			children = (
				DAFA9B712228907100B2CD4D /* MeChef.app */,
			);
			name = Products;
			sourceTree = "<group>";
		};
		DAFA9B732228907100B2CD4D /* MeChef */ = {
			isa = PBXGroup;
			children = (
				DAFA9B822228907200B2CD4D /* Info.plist */,
				DAFA9B742228907100B2CD4D /* AppDelegate.swift */,
				DAFA9B7D2228907200B2CD4D /* Assets.xcassets */,
				DAFA9B7F2228907200B2CD4D /* LaunchScreen.storyboard */,
				DAFA9B7A2228907100B2CD4D /* Main.storyboard */,
				DAC99462222BE621000282F1 /* Appearance */,
				DAFA9BA62228915400B2CD4D /* Cells */,
				DAFA9BA52228914E00B2CD4D /* Controllers */,
				DAFD0970222981DC00F1255A /* Extensions */,
				DAFA9BA42228914100B2CD4D /* Service */,
			);
			path = MeChef;
			sourceTree = "<group>";
		};
		DAFA9BA42228914100B2CD4D /* Service */ = {
			isa = PBXGroup;
			children = (
				DAF4FE1D222ACFDE00F208DB /* NavigationService */,
				DAFD0972222986F700F1255A /* NetworkService */,
				DA9E074F222E71250094A69D /* SessionService.swift */,
			);
			path = Service;
			sourceTree = "<group>";
		};
		DAFA9BA52228914E00B2CD4D /* Controllers */ = {
			isa = PBXGroup;
			children = (
				DAF4FE1A222ACF8D00F208DB /* ChefsViewController */,
				DA57E4D8222C56CA0086B5DA /* ChefViewController */,
				DAC99465222BE7B2000282F1 /* DishesViewController */,
				DADFF2BC222E845200BB6404 /* DishViewController */,
				DA84549A222D1E880052A8D2 /* LoginViewController */,
				DAF4FE26222AD06900F208DB /* MainTabViewController */,
				DA979BDB222C8AFC00D452B9 /* ProfileViewController */,
				DADFF2C7222E876800BB6404 /* RegisterViewController */,
			);
			path = Controllers;
			sourceTree = "<group>";
		};
		DAFA9BA62228915400B2CD4D /* Cells */ = {
			isa = PBXGroup;
			children = (
				DAF4FE2F222AD7AD00F208DB /* ChefsController */,
				DAC99470222BE95F000282F1 /* DishesController */,
			);
			path = Cells;
			sourceTree = "<group>";
		};
		DAFD096D2229816C00F1255A /* Generated */ = {
			isa = PBXGroup;
			children = (
				DAFD096E2229816C00F1255A /* Models.swift */,
			);
			path = Generated;
			sourceTree = "<group>";
		};
		DAFD0970222981DC00F1255A /* Extensions */ = {
			isa = PBXGroup;
			children = (
				DA9E074A222E6DE80094A69D /* UserDefaults */,
				DAF4FE29222AD2C500F208DB /* AppDelegate+Extensions.swift */,
				DAF4FE2B222AD30F00F208DB /* UIViewController+Extensions.swift */,
			);
			path = Extensions;
			sourceTree = "<group>";
		};
		DAFD0972222986F700F1255A /* NetworkService */ = {
			isa = PBXGroup;
			children = (
				DADF5A24222AAE370064DB75 /* Enums */,
				DAFD09732229870600F1255A /* Requests */,
				DAFD09742229872700F1255A /* ApiRequestParameters.swift */,
				DAFD096A22297AA400F1255A /* NetworkService.swift */,
				DADF5A29222AAEB10064DB75 /* NetworkService+Extensions.swift */,
			);
			path = NetworkService;
			sourceTree = "<group>";
		};
		DAFD09732229870600F1255A /* Requests */ = {
			isa = PBXGroup;
			children = (
				DAFD09772229903E00F1255A /* DishesRequests.swift */,
				DAF4FE35222ADA7000F208DB /* ChefsRequests.swift */,
				DAAFED6D222E592B00F8F1BE /* UsersRequests.swift */,
			);
			path = Requests;
			sourceTree = "<group>";
		};
		F2CACE70F004F25205BD3ECB /* Frameworks */ = {
			isa = PBXGroup;
			children = (
				68821EE02BE2B187393C88B2 /* Pods_MeChef.framework */,
			);
			name = Frameworks;
			sourceTree = "<group>";
		};
/* End PBXGroup section */

/* Begin PBXNativeTarget section */
		DAFA9B702228907100B2CD4D /* MeChef */ = {
			isa = PBXNativeTarget;
			buildConfigurationList = DAFA9B9B2228907300B2CD4D /* Build configuration list for PBXNativeTarget "MeChef" */;
			buildPhases = (
				47EFAFB9C0B43857BAF8A860 /* [CP] Check Pods Manifest.lock */,
				DAFD09712229841300F1255A /* API Generator */,
				DAFA9B6D2228907100B2CD4D /* Sources */,
				DAFA9B6E2228907100B2CD4D /* Frameworks */,
				DAFA9B6F2228907100B2CD4D /* Resources */,
				DADF5A23222AABEE0064DB75 /* SwiftLint */,
				C8BD2C9BD4CA206461290B06 /* [CP] Embed Pods Frameworks */,
			);
			buildRules = (
			);
			dependencies = (
			);
			name = MeChef;
			productName = MeChef;
			productReference = DAFA9B712228907100B2CD4D /* MeChef.app */;
			productType = "com.apple.product-type.application";
		};
/* End PBXNativeTarget section */

/* Begin PBXProject section */
		DAFA9B692228907100B2CD4D /* Project object */ = {
			isa = PBXProject;
			attributes = {
				LastSwiftUpdateCheck = 1010;
				LastUpgradeCheck = 1010;
				ORGANIZATIONNAME = YC;
				TargetAttributes = {
					DAFA9B702228907100B2CD4D = {
						CreatedOnToolsVersion = 10.1;
					};
				};
			};
			buildConfigurationList = DAFA9B6C2228907100B2CD4D /* Build configuration list for PBXProject "MeChef" */;
			compatibilityVersion = "Xcode 9.3";
			developmentRegion = en;
			hasScannedForEncodings = 0;
			knownRegions = (
				en,
				Base,
			);
			mainGroup = DAFA9B682228907100B2CD4D;
			productRefGroup = DAFA9B722228907100B2CD4D /* Products */;
			projectDirPath = "";
			projectRoot = "";
			targets = (
				DAFA9B702228907100B2CD4D /* MeChef */,
			);
		};
/* End PBXProject section */

/* Begin PBXResourcesBuildPhase section */
		DAFA9B6F2228907100B2CD4D /* Resources */ = {
			isa = PBXResourcesBuildPhase;
			buildActionMask = 2147483647;
			files = (
				DA8454A0222D1EA80052A8D2 /* LoginViewController.xib in Resources */,
				DAF4FE23222AD02700F208DB /* ChefsViewController.xib in Resources */,
				DAFA9B812228907200B2CD4D /* LaunchScreen.storyboard in Resources */,
				DAF4FE34222AD82200F208DB /* ChefTableViewCell.xib in Resources */,
				DAFA9B7E2228907200B2CD4D /* Assets.xcassets in Resources */,
				DA57E4E1222C57790086B5DA /* ChefViewController.xib in Resources */,
				DAC99475222BE97C000282F1 /* DishTableViewCell.xib in Resources */,
				DAC9946D222BE7F3000282F1 /* DishesViewController.xib in Resources */,
				DADFF2C4222E848000BB6404 /* DishViewController.xib in Resources */,
				DA979BEF222C914F00D452B9 /* ProfileViewController.xib in Resources */,
				DAFA9B7C2228907100B2CD4D /* Main.storyboard in Resources */,
				DADFF2CD222E878C00BB6404 /* RegisterViewController.xib in Resources */,
			);
			runOnlyForDeploymentPostprocessing = 0;
		};
/* End PBXResourcesBuildPhase section */

/* Begin PBXShellScriptBuildPhase section */
		47EFAFB9C0B43857BAF8A860 /* [CP] Check Pods Manifest.lock */ = {
			isa = PBXShellScriptBuildPhase;
			buildActionMask = 2147483647;
			files = (
			);
			inputPaths = (
				"${PODS_PODFILE_DIR_PATH}/Podfile.lock",
				"${PODS_ROOT}/Manifest.lock",
			);
			name = "[CP] Check Pods Manifest.lock";
			outputPaths = (
				"$(DERIVED_FILE_DIR)/Pods-MeChef-checkManifestLockResult.txt",
			);
			runOnlyForDeploymentPostprocessing = 0;
			shellPath = /bin/sh;
			shellScript = "diff \"${PODS_PODFILE_DIR_PATH}/Podfile.lock\" \"${PODS_ROOT}/Manifest.lock\" > /dev/null\nif [ $? != 0 ] ; then\n    # print error to STDERR\n    echo \"error: The sandbox is not in sync with the Podfile.lock. Run 'pod install' or update your CocoaPods installation.\" >&2\n    exit 1\nfi\n# This output is used by Xcode 'outputs' to avoid re-running this script phase.\necho \"SUCCESS\" > \"${SCRIPT_OUTPUT_FILE_0}\"\n";
			showEnvVarsInLog = 0;
		};
		C8BD2C9BD4CA206461290B06 /* [CP] Embed Pods Frameworks */ = {
			isa = PBXShellScriptBuildPhase;
			buildActionMask = 2147483647;
			files = (
			);
			inputPaths = (
				"${SRCROOT}/Pods/Target Support Files/Pods-MeChef/Pods-MeChef-frameworks.sh",
				"${BUILT_PRODUCTS_DIR}/Alamofire/Alamofire.framework",
				"${BUILT_PRODUCTS_DIR}/ObjectMapper/ObjectMapper.framework",
				"${BUILT_PRODUCTS_DIR}/RxAlamofire/RxAlamofire.framework",
				"${BUILT_PRODUCTS_DIR}/RxAtomic/RxAtomic.framework",
				"${BUILT_PRODUCTS_DIR}/RxCocoa/RxCocoa.framework",
				"${BUILT_PRODUCTS_DIR}/RxGesture/RxGesture.framework",
				"${BUILT_PRODUCTS_DIR}/RxSwift/RxSwift.framework",
			);
			name = "[CP] Embed Pods Frameworks";
			outputPaths = (
				"${TARGET_BUILD_DIR}/${FRAMEWORKS_FOLDER_PATH}/Alamofire.framework",
				"${TARGET_BUILD_DIR}/${FRAMEWORKS_FOLDER_PATH}/ObjectMapper.framework",
				"${TARGET_BUILD_DIR}/${FRAMEWORKS_FOLDER_PATH}/RxAlamofire.framework",
				"${TARGET_BUILD_DIR}/${FRAMEWORKS_FOLDER_PATH}/RxAtomic.framework",
				"${TARGET_BUILD_DIR}/${FRAMEWORKS_FOLDER_PATH}/RxCocoa.framework",
				"${TARGET_BUILD_DIR}/${FRAMEWORKS_FOLDER_PATH}/RxGesture.framework",
				"${TARGET_BUILD_DIR}/${FRAMEWORKS_FOLDER_PATH}/RxSwift.framework",
			);
			runOnlyForDeploymentPostprocessing = 0;
			shellPath = /bin/sh;
			shellScript = "\"${SRCROOT}/Pods/Target Support Files/Pods-MeChef/Pods-MeChef-frameworks.sh\"\n";
			showEnvVarsInLog = 0;
		};
		DADF5A23222AABEE0064DB75 /* SwiftLint */ = {
			isa = PBXShellScriptBuildPhase;
			buildActionMask = 2147483647;
			files = (
			);
			inputFileListPaths = (
			);
			inputPaths = (
			);
			name = SwiftLint;
			outputFileListPaths = (
			);
			outputPaths = (
			);
			runOnlyForDeploymentPostprocessing = 0;
			shellPath = /bin/sh;
			shellScript = "${PODS_ROOT}/SwiftLint/swiftlint --path MeChef\n";
		};
		DAFD09712229841300F1255A /* API Generator */ = {
			isa = PBXShellScriptBuildPhase;
			buildActionMask = 2147483647;
			files = (
			);
			inputPaths = (
			);
			name = "API Generator";
			outputPaths = (
			);
			runOnlyForDeploymentPostprocessing = 0;
			shellPath = "/bin/sh -l";
			shellScript = "java -jar api-generator-1.0.4-all.jar --specification-path common/api/ --output-path Generated --templates-path api-generator-templates/Swift --action generate-client-code --single-file true\n\n";
		};
/* End PBXShellScriptBuildPhase section */

/* Begin PBXSourcesBuildPhase section */
		DAFA9B6D2228907100B2CD4D /* Sources */ = {
			isa = PBXSourcesBuildPhase;
			buildActionMask = 2147483647;
			files = (
				DAC9946C222BE7F3000282F1 /* DishesViewController.swift in Sources */,
				DA57E4DD222C571F0086B5DA /* ChefViewModel.swift in Sources */,
				DA8454A2222D1F0F0052A8D2 /* NavigationService+LoginViewController.swift in Sources */,
				DA979BE9222C912600D452B9 /* NavigationService+ProfileViewController.swift in Sources */,
				DAF4FE22222AD02700F208DB /* ChefsViewController.swift in Sources */,
				DAF4FE25222AD03A00F208DB /* ChefsViewModel.swift in Sources */,
				DADF5A26222AAE460064DB75 /* RequestError.swift in Sources */,
				DA979BEE222C914F00D452B9 /* ProfileViewController.swift in Sources */,
				DAFA9B752228907100B2CD4D /* AppDelegate.swift in Sources */,
				DAF4FE2A222AD2C500F208DB /* AppDelegate+Extensions.swift in Sources */,
				DAF4FE2E222AD35C00F208DB /* NavigationService+ChefsViewController.swift in Sources */,
				DADFF2CC222E878C00BB6404 /* RegisterViewController.swift in Sources */,
				DAF4FE28222AD0AB00F208DB /* MainTabViewController.swift in Sources */,
				DADFF2C3222E848000BB6404 /* DishViewController.swift in Sources */,
				DAC99464222BE680000282F1 /* UIColor+Extensions.swift in Sources */,
				DADFF2C0222E847300BB6404 /* DishViewModel.swift in Sources */,
				DADFF2CF222E885A00BB6404 /* RegisterViewModel.swift in Sources */,
				DAFD09752229872700F1255A /* ApiRequestParameters.swift in Sources */,
				DA979BEB222C914100D452B9 /* ProfileViewModel.swift in Sources */,
				DAFD096B22297AA400F1255A /* NetworkService.swift in Sources */,
				DA57E4E3222C58D30086B5DA /* NavigationService+ChefViewController.swift in Sources */,
				DAA8CD30222C5F8E0088FA48 /* NavigationService+MainTabViewController.swift in Sources */,
				DA9E0749222E6D910094A69D /* UserDefaults+UserSession.swift in Sources */,
				DAFD09782229903E00F1255A /* DishesRequests.swift in Sources */,
				DA84549F222D1EA80052A8D2 /* LoginViewController.swift in Sources */,
				DA9E074E222E6FBA0094A69D /* UserDefaults+MappableDataTypes.swift in Sources */,
				DA8454A4222D1F8A0052A8D2 /* LoginViewModel.swift in Sources */,
				DAC99467222BE7CE000282F1 /* NavigationService+DishesViewController.swift in Sources */,
				DA9E0750222E71250094A69D /* SessionService.swift in Sources */,
				DAF4FE1F222ACFEF00F208DB /* NavigationService.swift in Sources */,
				DAF4FE33222AD82200F208DB /* ChefTableViewCell.swift in Sources */,
				DA57E4E0222C57790086B5DA /* ChefViewController.swift in Sources */,
				DADFF2C6222E84BB00BB6404 /* NavigationService+DishViewController.swift in Sources */,
				DAF4FE2C222AD30F00F208DB /* UIViewController+Extensions.swift in Sources */,
				DADF5A28222AAE5A0064DB75 /* LeadKitError.swift in Sources */,
				DADFF2D1222E888700BB6404 /* NavigationService+RegisterViewController.swift in Sources */,
				DADF5A2A222AAEB10064DB75 /* NetworkService+Extensions.swift in Sources */,
				DAC9946F222BE80B000282F1 /* DishesViewModel.swift in Sources */,
				DAAFED6E222E592B00F8F1BE /* UsersRequests.swift in Sources */,
				DAC99474222BE97C000282F1 /* DishTableViewCell.swift in Sources */,
				DAFD096F2229816C00F1255A /* Models.swift in Sources */,
				DAF4FE36222ADA7000F208DB /* ChefsRequests.swift in Sources */,
			);
			runOnlyForDeploymentPostprocessing = 0;
		};
/* End PBXSourcesBuildPhase section */

/* Begin PBXVariantGroup section */
		DAFA9B7A2228907100B2CD4D /* Main.storyboard */ = {
			isa = PBXVariantGroup;
			children = (
				DAFA9B7B2228907100B2CD4D /* Base */,
			);
			name = Main.storyboard;
			sourceTree = "<group>";
		};
		DAFA9B7F2228907200B2CD4D /* LaunchScreen.storyboard */ = {
			isa = PBXVariantGroup;
			children = (
				DAFA9B802228907200B2CD4D /* Base */,
			);
			name = LaunchScreen.storyboard;
			sourceTree = "<group>";
		};
/* End PBXVariantGroup section */

/* Begin XCBuildConfiguration section */
		DAFA9B992228907300B2CD4D /* Debug */ = {
			isa = XCBuildConfiguration;
			buildSettings = {
				ALWAYS_SEARCH_USER_PATHS = NO;
				CLANG_ANALYZER_NONNULL = YES;
				CLANG_ANALYZER_NUMBER_OBJECT_CONVERSION = YES_AGGRESSIVE;
				CLANG_CXX_LANGUAGE_STANDARD = "gnu++14";
				CLANG_CXX_LIBRARY = "libc++";
				CLANG_ENABLE_MODULES = YES;
				CLANG_ENABLE_OBJC_ARC = YES;
				CLANG_ENABLE_OBJC_WEAK = YES;
				CLANG_WARN_BLOCK_CAPTURE_AUTORELEASING = YES;
				CLANG_WARN_BOOL_CONVERSION = YES;
				CLANG_WARN_COMMA = YES;
				CLANG_WARN_CONSTANT_CONVERSION = YES;
				CLANG_WARN_DEPRECATED_OBJC_IMPLEMENTATIONS = YES;
				CLANG_WARN_DIRECT_OBJC_ISA_USAGE = YES_ERROR;
				CLANG_WARN_DOCUMENTATION_COMMENTS = YES;
				CLANG_WARN_EMPTY_BODY = YES;
				CLANG_WARN_ENUM_CONVERSION = YES;
				CLANG_WARN_INFINITE_RECURSION = YES;
				CLANG_WARN_INT_CONVERSION = YES;
				CLANG_WARN_NON_LITERAL_NULL_CONVERSION = YES;
				CLANG_WARN_OBJC_IMPLICIT_RETAIN_SELF = YES;
				CLANG_WARN_OBJC_LITERAL_CONVERSION = YES;
				CLANG_WARN_OBJC_ROOT_CLASS = YES_ERROR;
				CLANG_WARN_RANGE_LOOP_ANALYSIS = YES;
				CLANG_WARN_STRICT_PROTOTYPES = YES;
				CLANG_WARN_SUSPICIOUS_MOVE = YES;
				CLANG_WARN_UNGUARDED_AVAILABILITY = YES_AGGRESSIVE;
				CLANG_WARN_UNREACHABLE_CODE = YES;
				CLANG_WARN__DUPLICATE_METHOD_MATCH = YES;
				CODE_SIGN_IDENTITY = "iPhone Developer";
				COPY_PHASE_STRIP = NO;
				DEBUG_INFORMATION_FORMAT = dwarf;
				ENABLE_STRICT_OBJC_MSGSEND = YES;
				ENABLE_TESTABILITY = YES;
				GCC_C_LANGUAGE_STANDARD = gnu11;
				GCC_DYNAMIC_NO_PIC = NO;
				GCC_NO_COMMON_BLOCKS = YES;
				GCC_OPTIMIZATION_LEVEL = 0;
				GCC_PREPROCESSOR_DEFINITIONS = (
					"DEBUG=1",
					"$(inherited)",
				);
				GCC_WARN_64_TO_32_BIT_CONVERSION = YES;
				GCC_WARN_ABOUT_RETURN_TYPE = YES_ERROR;
				GCC_WARN_UNDECLARED_SELECTOR = YES;
				GCC_WARN_UNINITIALIZED_AUTOS = YES_AGGRESSIVE;
				GCC_WARN_UNUSED_FUNCTION = YES;
				GCC_WARN_UNUSED_VARIABLE = YES;
				IPHONEOS_DEPLOYMENT_TARGET = 12.1;
				MTL_ENABLE_DEBUG_INFO = INCLUDE_SOURCE;
				MTL_FAST_MATH = YES;
				ONLY_ACTIVE_ARCH = YES;
				SDKROOT = iphoneos;
				SWIFT_ACTIVE_COMPILATION_CONDITIONS = DEBUG;
				SWIFT_OPTIMIZATION_LEVEL = "-Onone";
			};
			name = Debug;
		};
		DAFA9B9A2228907300B2CD4D /* Release */ = {
			isa = XCBuildConfiguration;
			buildSettings = {
				ALWAYS_SEARCH_USER_PATHS = NO;
				CLANG_ANALYZER_NONNULL = YES;
				CLANG_ANALYZER_NUMBER_OBJECT_CONVERSION = YES_AGGRESSIVE;
				CLANG_CXX_LANGUAGE_STANDARD = "gnu++14";
				CLANG_CXX_LIBRARY = "libc++";
				CLANG_ENABLE_MODULES = YES;
				CLANG_ENABLE_OBJC_ARC = YES;
				CLANG_ENABLE_OBJC_WEAK = YES;
				CLANG_WARN_BLOCK_CAPTURE_AUTORELEASING = YES;
				CLANG_WARN_BOOL_CONVERSION = YES;
				CLANG_WARN_COMMA = YES;
				CLANG_WARN_CONSTANT_CONVERSION = YES;
				CLANG_WARN_DEPRECATED_OBJC_IMPLEMENTATIONS = YES;
				CLANG_WARN_DIRECT_OBJC_ISA_USAGE = YES_ERROR;
				CLANG_WARN_DOCUMENTATION_COMMENTS = YES;
				CLANG_WARN_EMPTY_BODY = YES;
				CLANG_WARN_ENUM_CONVERSION = YES;
				CLANG_WARN_INFINITE_RECURSION = YES;
				CLANG_WARN_INT_CONVERSION = YES;
				CLANG_WARN_NON_LITERAL_NULL_CONVERSION = YES;
				CLANG_WARN_OBJC_IMPLICIT_RETAIN_SELF = YES;
				CLANG_WARN_OBJC_LITERAL_CONVERSION = YES;
				CLANG_WARN_OBJC_ROOT_CLASS = YES_ERROR;
				CLANG_WARN_RANGE_LOOP_ANALYSIS = YES;
				CLANG_WARN_STRICT_PROTOTYPES = YES;
				CLANG_WARN_SUSPICIOUS_MOVE = YES;
				CLANG_WARN_UNGUARDED_AVAILABILITY = YES_AGGRESSIVE;
				CLANG_WARN_UNREACHABLE_CODE = YES;
				CLANG_WARN__DUPLICATE_METHOD_MATCH = YES;
				CODE_SIGN_IDENTITY = "iPhone Developer";
				COPY_PHASE_STRIP = NO;
				DEBUG_INFORMATION_FORMAT = "dwarf-with-dsym";
				ENABLE_NS_ASSERTIONS = NO;
				ENABLE_STRICT_OBJC_MSGSEND = YES;
				GCC_C_LANGUAGE_STANDARD = gnu11;
				GCC_NO_COMMON_BLOCKS = YES;
				GCC_WARN_64_TO_32_BIT_CONVERSION = YES;
				GCC_WARN_ABOUT_RETURN_TYPE = YES_ERROR;
				GCC_WARN_UNDECLARED_SELECTOR = YES;
				GCC_WARN_UNINITIALIZED_AUTOS = YES_AGGRESSIVE;
				GCC_WARN_UNUSED_FUNCTION = YES;
				GCC_WARN_UNUSED_VARIABLE = YES;
				IPHONEOS_DEPLOYMENT_TARGET = 12.1;
				MTL_ENABLE_DEBUG_INFO = NO;
				MTL_FAST_MATH = YES;
				SDKROOT = iphoneos;
				SWIFT_COMPILATION_MODE = wholemodule;
				SWIFT_OPTIMIZATION_LEVEL = "-O";
				VALIDATE_PRODUCT = YES;
			};
			name = Release;
		};
		DAFA9B9C2228907300B2CD4D /* Debug */ = {
			isa = XCBuildConfiguration;
			baseConfigurationReference = F1E6713CA8F446E686381782 /* Pods-MeChef.debug.xcconfig */;
			buildSettings = {
				ASSETCATALOG_COMPILER_APPICON_NAME = AppIcon;
				CODE_SIGN_STYLE = Automatic;
				DEVELOPMENT_TEAM = ZWDDZD6GHF;
				INFOPLIST_FILE = MeChef/Info.plist;
				IPHONEOS_DEPLOYMENT_TARGET = 11.0;
				LD_RUNPATH_SEARCH_PATHS = (
					"$(inherited)",
					"@executable_path/Frameworks",
				);
				PRODUCT_BUNDLE_IDENTIFIER = es.YC.MeChef;
				PRODUCT_NAME = "$(TARGET_NAME)";
				SWIFT_VERSION = 4.2;
				TARGETED_DEVICE_FAMILY = "1,2";
			};
			name = Debug;
		};
		DAFA9B9D2228907300B2CD4D /* Release */ = {
			isa = XCBuildConfiguration;
			baseConfigurationReference = D820362D14F07E8CE325649B /* Pods-MeChef.release.xcconfig */;
			buildSettings = {
				ASSETCATALOG_COMPILER_APPICON_NAME = AppIcon;
				CODE_SIGN_STYLE = Automatic;
				DEVELOPMENT_TEAM = ZWDDZD6GHF;
				INFOPLIST_FILE = MeChef/Info.plist;
				IPHONEOS_DEPLOYMENT_TARGET = 11.0;
				LD_RUNPATH_SEARCH_PATHS = (
					"$(inherited)",
					"@executable_path/Frameworks",
				);
				PRODUCT_BUNDLE_IDENTIFIER = es.YC.MeChef;
				PRODUCT_NAME = "$(TARGET_NAME)";
				SWIFT_VERSION = 4.2;
				TARGETED_DEVICE_FAMILY = "1,2";
			};
			name = Release;
		};
/* End XCBuildConfiguration section */

/* Begin XCConfigurationList section */
		DAFA9B6C2228907100B2CD4D /* Build configuration list for PBXProject "MeChef" */ = {
			isa = XCConfigurationList;
			buildConfigurations = (
				DAFA9B992228907300B2CD4D /* Debug */,
				DAFA9B9A2228907300B2CD4D /* Release */,
			);
			defaultConfigurationIsVisible = 0;
			defaultConfigurationName = Release;
		};
		DAFA9B9B2228907300B2CD4D /* Build configuration list for PBXNativeTarget "MeChef" */ = {
			isa = XCConfigurationList;
			buildConfigurations = (
				DAFA9B9C2228907300B2CD4D /* Debug */,
				DAFA9B9D2228907300B2CD4D /* Release */,
			);
			defaultConfigurationIsVisible = 0;
			defaultConfigurationName = Release;
		};
/* End XCConfigurationList section */
	};
	rootObject = DAFA9B692228907100B2CD4D /* Project object */;
}
