// !$*UTF8*$!
{
	archiveVersion = 1;
	classes = {
	};
	objectVersion = 50;
	objects = {

/* Begin PBXBuildFile section */
		2145203C138997320BA5897D /* Pods_MeChef.framework in Frameworks */ = {isa = PBXBuildFile; fileRef = 68821EE02BE2B187393C88B2 /* Pods_MeChef.framework */; };
		DADF5A26222AAE460064DB75 /* RequestError.swift in Sources */ = {isa = PBXBuildFile; fileRef = DADF5A25222AAE460064DB75 /* RequestError.swift */; };
		DADF5A28222AAE5A0064DB75 /* LeadKitError.swift in Sources */ = {isa = PBXBuildFile; fileRef = DADF5A27222AAE5A0064DB75 /* LeadKitError.swift */; };
		DADF5A2A222AAEB10064DB75 /* NetworkService+Extensions.swift in Sources */ = {isa = PBXBuildFile; fileRef = DADF5A29222AAEB10064DB75 /* NetworkService+Extensions.swift */; };
		DAFA9B752228907100B2CD4D /* AppDelegate.swift in Sources */ = {isa = PBXBuildFile; fileRef = DAFA9B742228907100B2CD4D /* AppDelegate.swift */; };
		DAFA9B772228907100B2CD4D /* FirstViewController.swift in Sources */ = {isa = PBXBuildFile; fileRef = DAFA9B762228907100B2CD4D /* FirstViewController.swift */; };
		DAFA9B792228907100B2CD4D /* SecondViewController.swift in Sources */ = {isa = PBXBuildFile; fileRef = DAFA9B782228907100B2CD4D /* SecondViewController.swift */; };
		DAFA9B7C2228907100B2CD4D /* Main.storyboard in Resources */ = {isa = PBXBuildFile; fileRef = DAFA9B7A2228907100B2CD4D /* Main.storyboard */; };
		DAFA9B7E2228907200B2CD4D /* Assets.xcassets in Resources */ = {isa = PBXBuildFile; fileRef = DAFA9B7D2228907200B2CD4D /* Assets.xcassets */; };
		DAFA9B812228907200B2CD4D /* LaunchScreen.storyboard in Resources */ = {isa = PBXBuildFile; fileRef = DAFA9B7F2228907200B2CD4D /* LaunchScreen.storyboard */; };
		DAFD096B22297AA400F1255A /* NetworkService.swift in Sources */ = {isa = PBXBuildFile; fileRef = DAFD096A22297AA400F1255A /* NetworkService.swift */; };
		DAFD096F2229816C00F1255A /* Models.swift in Sources */ = {isa = PBXBuildFile; fileRef = DAFD096E2229816C00F1255A /* Models.swift */; };
		DAFD09752229872700F1255A /* ApiRequestParameters.swift in Sources */ = {isa = PBXBuildFile; fileRef = DAFD09742229872700F1255A /* ApiRequestParameters.swift */; };
		DAFD09782229903E00F1255A /* DishesRequests.swift in Sources */ = {isa = PBXBuildFile; fileRef = DAFD09772229903E00F1255A /* DishesRequests.swift */; };
/* End PBXBuildFile section */

/* Begin PBXFileReference section */
		68821EE02BE2B187393C88B2 /* Pods_MeChef.framework */ = {isa = PBXFileReference; explicitFileType = wrapper.framework; includeInIndex = 0; path = Pods_MeChef.framework; sourceTree = BUILT_PRODUCTS_DIR; };
		D820362D14F07E8CE325649B /* Pods-MeChef.release.xcconfig */ = {isa = PBXFileReference; includeInIndex = 1; lastKnownFileType = text.xcconfig; name = "Pods-MeChef.release.xcconfig"; path = "Pods/Target Support Files/Pods-MeChef/Pods-MeChef.release.xcconfig"; sourceTree = "<group>"; };
		DADF5A25222AAE460064DB75 /* RequestError.swift */ = {isa = PBXFileReference; lastKnownFileType = sourcecode.swift; path = RequestError.swift; sourceTree = "<group>"; };
		DADF5A27222AAE5A0064DB75 /* LeadKitError.swift */ = {isa = PBXFileReference; lastKnownFileType = sourcecode.swift; path = LeadKitError.swift; sourceTree = "<group>"; };
		DADF5A29222AAEB10064DB75 /* NetworkService+Extensions.swift */ = {isa = PBXFileReference; lastKnownFileType = sourcecode.swift; path = "NetworkService+Extensions.swift"; sourceTree = "<group>"; };
		DAFA9B712228907100B2CD4D /* MeChef.app */ = {isa = PBXFileReference; explicitFileType = wrapper.application; includeInIndex = 0; path = MeChef.app; sourceTree = BUILT_PRODUCTS_DIR; };
		DAFA9B742228907100B2CD4D /* AppDelegate.swift */ = {isa = PBXFileReference; lastKnownFileType = sourcecode.swift; path = AppDelegate.swift; sourceTree = "<group>"; };
		DAFA9B762228907100B2CD4D /* FirstViewController.swift */ = {isa = PBXFileReference; lastKnownFileType = sourcecode.swift; path = FirstViewController.swift; sourceTree = "<group>"; };
		DAFA9B782228907100B2CD4D /* SecondViewController.swift */ = {isa = PBXFileReference; lastKnownFileType = sourcecode.swift; path = SecondViewController.swift; sourceTree = "<group>"; };
		DAFA9B7B2228907100B2CD4D /* Base */ = {isa = PBXFileReference; lastKnownFileType = file.storyboard; name = Base; path = Base.lproj/Main.storyboard; sourceTree = "<group>"; };
		DAFA9B7D2228907200B2CD4D /* Assets.xcassets */ = {isa = PBXFileReference; lastKnownFileType = folder.assetcatalog; path = Assets.xcassets; sourceTree = "<group>"; };
		DAFA9B802228907200B2CD4D /* Base */ = {isa = PBXFileReference; lastKnownFileType = file.storyboard; name = Base; path = Base.lproj/LaunchScreen.storyboard; sourceTree = "<group>"; };
		DAFA9B822228907200B2CD4D /* Info.plist */ = {isa = PBXFileReference; lastKnownFileType = text.plist.xml; path = Info.plist; sourceTree = "<group>"; };
		DAFD096A22297AA400F1255A /* NetworkService.swift */ = {isa = PBXFileReference; lastKnownFileType = sourcecode.swift; path = NetworkService.swift; sourceTree = "<group>"; };
		DAFD096E2229816C00F1255A /* Models.swift */ = {isa = PBXFileReference; fileEncoding = 4; lastKnownFileType = sourcecode.swift; path = Models.swift; sourceTree = "<group>"; };
		DAFD09742229872700F1255A /* ApiRequestParameters.swift */ = {isa = PBXFileReference; lastKnownFileType = sourcecode.swift; path = ApiRequestParameters.swift; sourceTree = "<group>"; };
		DAFD09772229903E00F1255A /* DishesRequests.swift */ = {isa = PBXFileReference; lastKnownFileType = sourcecode.swift; path = DishesRequests.swift; sourceTree = "<group>"; };
		F1E6713CA8F446E686381782 /* Pods-MeChef.debug.xcconfig */ = {isa = PBXFileReference; includeInIndex = 1; lastKnownFileType = text.xcconfig; name = "Pods-MeChef.debug.xcconfig"; path = "Pods/Target Support Files/Pods-MeChef/Pods-MeChef.debug.xcconfig"; sourceTree = "<group>"; };
/* End PBXFileReference section */

/* Begin PBXFrameworksBuildPhase section */
		DAFA9B6E2228907100B2CD4D /* Frameworks */ = {
			isa = PBXFrameworksBuildPhase;
			buildActionMask = 2147483647;
			files = (
				2145203C138997320BA5897D /* Pods_MeChef.framework in Frameworks */,
			);
			runOnlyForDeploymentPostprocessing = 0;
		};
/* End PBXFrameworksBuildPhase section */

/* Begin PBXGroup section */
		DA967C3504E28781135240AE /* Pods */ = {
			isa = PBXGroup;
			children = (
				F1E6713CA8F446E686381782 /* Pods-MeChef.debug.xcconfig */,
				D820362D14F07E8CE325649B /* Pods-MeChef.release.xcconfig */,
			);
			name = Pods;
			sourceTree = "<group>";
		};
		DADF5A24222AAE370064DB75 /* Enums */ = {
			isa = PBXGroup;
			children = (
				DADF5A25222AAE460064DB75 /* RequestError.swift */,
				DADF5A27222AAE5A0064DB75 /* LeadKitError.swift */,
			);
			path = Enums;
			sourceTree = "<group>";
		};
		DAFA9B682228907100B2CD4D = {
			isa = PBXGroup;
			children = (
				DAFA9B732228907100B2CD4D /* MeChef */,
				DAFD096D2229816C00F1255A /* Generated */,
				DAFA9B722228907100B2CD4D /* Products */,
				DA967C3504E28781135240AE /* Pods */,
				F2CACE70F004F25205BD3ECB /* Frameworks */,
			);
			sourceTree = "<group>";
		};
		DAFA9B722228907100B2CD4D /* Products */ = {
			isa = PBXGroup;
			children = (
				DAFA9B712228907100B2CD4D /* MeChef.app */,
			);
			name = Products;
			sourceTree = "<group>";
		};
		DAFA9B732228907100B2CD4D /* MeChef */ = {
			isa = PBXGroup;
			children = (
				DAFA9B822228907200B2CD4D /* Info.plist */,
				DAFA9B742228907100B2CD4D /* AppDelegate.swift */,
				DAFA9B7D2228907200B2CD4D /* Assets.xcassets */,
				DAFA9B7F2228907200B2CD4D /* LaunchScreen.storyboard */,
				DAFA9B7A2228907100B2CD4D /* Main.storyboard */,
				DAFA9BA62228915400B2CD4D /* Cells */,
				DAFA9BA52228914E00B2CD4D /* Controllers */,
				DAFD0970222981DC00F1255A /* Extensions */,
				DAFA9BA42228914100B2CD4D /* Service */,
			);
			path = MeChef;
			sourceTree = "<group>";
		};
		DAFA9BA42228914100B2CD4D /* Service */ = {
			isa = PBXGroup;
			children = (
				DAFD0972222986F700F1255A /* Network */,
			);
			path = Service;
			sourceTree = "<group>";
		};
		DAFA9BA52228914E00B2CD4D /* Controllers */ = {
			isa = PBXGroup;
			children = (
				DAFA9B762228907100B2CD4D /* FirstViewController.swift */,
				DAFA9B782228907100B2CD4D /* SecondViewController.swift */,
			);
			path = Controllers;
			sourceTree = "<group>";
		};
		DAFA9BA62228915400B2CD4D /* Cells */ = {
			isa = PBXGroup;
			children = (
			);
			path = Cells;
			sourceTree = "<group>";
		};
		DAFD096D2229816C00F1255A /* Generated */ = {
			isa = PBXGroup;
			children = (
				DAFD096E2229816C00F1255A /* Models.swift */,
			);
			path = Generated;
			sourceTree = "<group>";
		};
		DAFD0970222981DC00F1255A /* Extensions */ = {
			isa = PBXGroup;
			children = (
			);
			path = Extensions;
			sourceTree = "<group>";
		};
		DAFD0972222986F700F1255A /* Network */ = {
			isa = PBXGroup;
			children = (
				DADF5A24222AAE370064DB75 /* Enums */,
				DAFD09732229870600F1255A /* Requests */,
				DAFD09742229872700F1255A /* ApiRequestParameters.swift */,
				DAFD096A22297AA400F1255A /* NetworkService.swift */,
				DADF5A29222AAEB10064DB75 /* NetworkService+Extensions.swift */,
			);
			path = Network;
			sourceTree = "<group>";
		};
		DAFD09732229870600F1255A /* Requests */ = {
			isa = PBXGroup;
			children = (
				DAFD09772229903E00F1255A /* DishesRequests.swift */,
			);
			path = Requests;
			sourceTree = "<group>";
		};
		F2CACE70F004F25205BD3ECB /* Frameworks */ = {
			isa = PBXGroup;
			children = (
				68821EE02BE2B187393C88B2 /* Pods_MeChef.framework */,
			);
			name = Frameworks;
			sourceTree = "<group>";
		};
/* End PBXGroup section */

/* Begin PBXNativeTarget section */
		DAFA9B702228907100B2CD4D /* MeChef */ = {
			isa = PBXNativeTarget;
			buildConfigurationList = DAFA9B9B2228907300B2CD4D /* Build configuration list for PBXNativeTarget "MeChef" */;
			buildPhases = (
				47EFAFB9C0B43857BAF8A860 /* [CP] Check Pods Manifest.lock */,
				DAFD09712229841300F1255A /* API Generator */,
				DAFA9B6D2228907100B2CD4D /* Sources */,
				DAFA9B6E2228907100B2CD4D /* Frameworks */,
				DAFA9B6F2228907100B2CD4D /* Resources */,
				DADF5A23222AABEE0064DB75 /* SwiftLint */,
				C8BD2C9BD4CA206461290B06 /* [CP] Embed Pods Frameworks */,
			);
			buildRules = (
			);
			dependencies = (
			);
			name = MeChef;
			productName = MeChef;
			productReference = DAFA9B712228907100B2CD4D /* MeChef.app */;
			productType = "com.apple.product-type.application";
		};
/* End PBXNativeTarget section */

/* Begin PBXProject section */
		DAFA9B692228907100B2CD4D /* Project object */ = {
			isa = PBXProject;
			attributes = {
				LastSwiftUpdateCheck = 1010;
				LastUpgradeCheck = 1010;
				ORGANIZATIONNAME = YC;
				TargetAttributes = {
					DAFA9B702228907100B2CD4D = {
						CreatedOnToolsVersion = 10.1;
					};
				};
			};
			buildConfigurationList = DAFA9B6C2228907100B2CD4D /* Build configuration list for PBXProject "MeChef" */;
			compatibilityVersion = "Xcode 9.3";
			developmentRegion = en;
			hasScannedForEncodings = 0;
			knownRegions = (
				en,
				Base,
			);
			mainGroup = DAFA9B682228907100B2CD4D;
			productRefGroup = DAFA9B722228907100B2CD4D /* Products */;
			projectDirPath = "";
			projectRoot = "";
			targets = (
				DAFA9B702228907100B2CD4D /* MeChef */,
			);
		};
/* End PBXProject section */

/* Begin PBXResourcesBuildPhase section */
		DAFA9B6F2228907100B2CD4D /* Resources */ = {
			isa = PBXResourcesBuildPhase;
			buildActionMask = 2147483647;
			files = (
				DAFA9B812228907200B2CD4D /* LaunchScreen.storyboard in Resources */,
				DAFA9B7E2228907200B2CD4D /* Assets.xcassets in Resources */,
				DAFA9B7C2228907100B2CD4D /* Main.storyboard in Resources */,
			);
			runOnlyForDeploymentPostprocessing = 0;
		};
/* End PBXResourcesBuildPhase section */

/* Begin PBXShellScriptBuildPhase section */
		47EFAFB9C0B43857BAF8A860 /* [CP] Check Pods Manifest.lock */ = {
			isa = PBXShellScriptBuildPhase;
			buildActionMask = 2147483647;
			files = (
			);
			inputPaths = (
				"${PODS_PODFILE_DIR_PATH}/Podfile.lock",
				"${PODS_ROOT}/Manifest.lock",
			);
			name = "[CP] Check Pods Manifest.lock";
			outputPaths = (
				"$(DERIVED_FILE_DIR)/Pods-MeChef-checkManifestLockResult.txt",
			);
			runOnlyForDeploymentPostprocessing = 0;
			shellPath = /bin/sh;
			shellScript = "diff \"${PODS_PODFILE_DIR_PATH}/Podfile.lock\" \"${PODS_ROOT}/Manifest.lock\" > /dev/null\nif [ $? != 0 ] ; then\n    # print error to STDERR\n    echo \"error: The sandbox is not in sync with the Podfile.lock. Run 'pod install' or update your CocoaPods installation.\" >&2\n    exit 1\nfi\n# This output is used by Xcode 'outputs' to avoid re-running this script phase.\necho \"SUCCESS\" > \"${SCRIPT_OUTPUT_FILE_0}\"\n";
			showEnvVarsInLog = 0;
		};
		C8BD2C9BD4CA206461290B06 /* [CP] Embed Pods Frameworks */ = {
			isa = PBXShellScriptBuildPhase;
			buildActionMask = 2147483647;
			files = (
			);
			inputPaths = (
				"${SRCROOT}/Pods/Target Support Files/Pods-MeChef/Pods-MeChef-frameworks.sh",
				"${BUILT_PRODUCTS_DIR}/Alamofire/Alamofire.framework",
				"${BUILT_PRODUCTS_DIR}/ObjectMapper/ObjectMapper.framework",
				"${BUILT_PRODUCTS_DIR}/RxAlamofire/RxAlamofire.framework",
				"${BUILT_PRODUCTS_DIR}/RxAtomic/RxAtomic.framework",
				"${BUILT_PRODUCTS_DIR}/RxCocoa/RxCocoa.framework",
				"${BUILT_PRODUCTS_DIR}/RxGesture/RxGesture.framework",
				"${BUILT_PRODUCTS_DIR}/RxSwift/RxSwift.framework",
			);
			name = "[CP] Embed Pods Frameworks";
			outputPaths = (
				"${TARGET_BUILD_DIR}/${FRAMEWORKS_FOLDER_PATH}/Alamofire.framework",
				"${TARGET_BUILD_DIR}/${FRAMEWORKS_FOLDER_PATH}/ObjectMapper.framework",
				"${TARGET_BUILD_DIR}/${FRAMEWORKS_FOLDER_PATH}/RxAlamofire.framework",
				"${TARGET_BUILD_DIR}/${FRAMEWORKS_FOLDER_PATH}/RxAtomic.framework",
				"${TARGET_BUILD_DIR}/${FRAMEWORKS_FOLDER_PATH}/RxCocoa.framework",
				"${TARGET_BUILD_DIR}/${FRAMEWORKS_FOLDER_PATH}/RxGesture.framework",
				"${TARGET_BUILD_DIR}/${FRAMEWORKS_FOLDER_PATH}/RxSwift.framework",
			);
			runOnlyForDeploymentPostprocessing = 0;
			shellPath = /bin/sh;
			shellScript = "\"${SRCROOT}/Pods/Target Support Files/Pods-MeChef/Pods-MeChef-frameworks.sh\"\n";
			showEnvVarsInLog = 0;
		};
		DADF5A23222AABEE0064DB75 /* SwiftLint */ = {
			isa = PBXShellScriptBuildPhase;
			buildActionMask = 2147483647;
			files = (
			);
			inputFileListPaths = (
			);
			inputPaths = (
			);
			name = SwiftLint;
			outputFileListPaths = (
			);
			outputPaths = (
			);
			runOnlyForDeploymentPostprocessing = 0;
			shellPath = /bin/sh;
			shellScript = "${PODS_ROOT}/SwiftLint/swiftlint --path MeChef\n";
		};
		DAFD09712229841300F1255A /* API Generator */ = {
			isa = PBXShellScriptBuildPhase;
			buildActionMask = 2147483647;
			files = (
			);
			inputPaths = (
			);
			name = "API Generator";
			outputPaths = (
			);
			runOnlyForDeploymentPostprocessing = 0;
			shellPath = "/bin/sh -l";
			shellScript = "java -jar api-generator-1.0.4-all.jar --specification-path common/api/ --output-path Generated --templates-path api-generator-templates/Swift --action generate-client-code --single-file true\n\n";
		};
/* End PBXShellScriptBuildPhase section */

/* Begin PBXSourcesBuildPhase section */
		DAFA9B6D2228907100B2CD4D /* Sources */ = {
			isa = PBXSourcesBuildPhase;
			buildActionMask = 2147483647;
			files = (
				DADF5A26222AAE460064DB75 /* RequestError.swift in Sources */,
				DAFA9B792228907100B2CD4D /* SecondViewController.swift in Sources */,
				DAFA9B752228907100B2CD4D /* AppDelegate.swift in Sources */,
				DAFD09752229872700F1255A /* ApiRequestParameters.swift in Sources */,
				DAFD096B22297AA400F1255A /* NetworkService.swift in Sources */,
				DAFA9B772228907100B2CD4D /* FirstViewController.swift in Sources */,
				DAFD09782229903E00F1255A /* DishesRequests.swift in Sources */,
				DADF5A28222AAE5A0064DB75 /* LeadKitError.swift in Sources */,
				DADF5A2A222AAEB10064DB75 /* NetworkService+Extensions.swift in Sources */,
				DAFD096F2229816C00F1255A /* Models.swift in Sources */,
			);
			runOnlyForDeploymentPostprocessing = 0;
		};
/* End PBXSourcesBuildPhase section */

/* Begin PBXVariantGroup section */
		DAFA9B7A2228907100B2CD4D /* Main.storyboard */ = {
			isa = PBXVariantGroup;
			children = (
				DAFA9B7B2228907100B2CD4D /* Base */,
			);
			name = Main.storyboard;
			sourceTree = "<group>";
		};
		DAFA9B7F2228907200B2CD4D /* LaunchScreen.storyboard */ = {
			isa = PBXVariantGroup;
			children = (
				DAFA9B802228907200B2CD4D /* Base */,
			);
			name = LaunchScreen.storyboard;
			sourceTree = "<group>";
		};
/* End PBXVariantGroup section */

/* Begin XCBuildConfiguration section */
		DAFA9B992228907300B2CD4D /* Debug */ = {
			isa = XCBuildConfiguration;
			buildSettings = {
				ALWAYS_SEARCH_USER_PATHS = NO;
				CLANG_ANALYZER_NONNULL = YES;
				CLANG_ANALYZER_NUMBER_OBJECT_CONVERSION = YES_AGGRESSIVE;
				CLANG_CXX_LANGUAGE_STANDARD = "gnu++14";
				CLANG_CXX_LIBRARY = "libc++";
				CLANG_ENABLE_MODULES = YES;
				CLANG_ENABLE_OBJC_ARC = YES;
				CLANG_ENABLE_OBJC_WEAK = YES;
				CLANG_WARN_BLOCK_CAPTURE_AUTORELEASING = YES;
				CLANG_WARN_BOOL_CONVERSION = YES;
				CLANG_WARN_COMMA = YES;
				CLANG_WARN_CONSTANT_CONVERSION = YES;
				CLANG_WARN_DEPRECATED_OBJC_IMPLEMENTATIONS = YES;
				CLANG_WARN_DIRECT_OBJC_ISA_USAGE = YES_ERROR;
				CLANG_WARN_DOCUMENTATION_COMMENTS = YES;
				CLANG_WARN_EMPTY_BODY = YES;
				CLANG_WARN_ENUM_CONVERSION = YES;
				CLANG_WARN_INFINITE_RECURSION = YES;
				CLANG_WARN_INT_CONVERSION = YES;
				CLANG_WARN_NON_LITERAL_NULL_CONVERSION = YES;
				CLANG_WARN_OBJC_IMPLICIT_RETAIN_SELF = YES;
				CLANG_WARN_OBJC_LITERAL_CONVERSION = YES;
				CLANG_WARN_OBJC_ROOT_CLASS = YES_ERROR;
				CLANG_WARN_RANGE_LOOP_ANALYSIS = YES;
				CLANG_WARN_STRICT_PROTOTYPES = YES;
				CLANG_WARN_SUSPICIOUS_MOVE = YES;
				CLANG_WARN_UNGUARDED_AVAILABILITY = YES_AGGRESSIVE;
				CLANG_WARN_UNREACHABLE_CODE = YES;
				CLANG_WARN__DUPLICATE_METHOD_MATCH = YES;
				CODE_SIGN_IDENTITY = "iPhone Developer";
				COPY_PHASE_STRIP = NO;
				DEBUG_INFORMATION_FORMAT = dwarf;
				ENABLE_STRICT_OBJC_MSGSEND = YES;
				ENABLE_TESTABILITY = YES;
				GCC_C_LANGUAGE_STANDARD = gnu11;
				GCC_DYNAMIC_NO_PIC = NO;
				GCC_NO_COMMON_BLOCKS = YES;
				GCC_OPTIMIZATION_LEVEL = 0;
				GCC_PREPROCESSOR_DEFINITIONS = (
					"DEBUG=1",
					"$(inherited)",
				);
				GCC_WARN_64_TO_32_BIT_CONVERSION = YES;
				GCC_WARN_ABOUT_RETURN_TYPE = YES_ERROR;
				GCC_WARN_UNDECLARED_SELECTOR = YES;
				GCC_WARN_UNINITIALIZED_AUTOS = YES_AGGRESSIVE;
				GCC_WARN_UNUSED_FUNCTION = YES;
				GCC_WARN_UNUSED_VARIABLE = YES;
				IPHONEOS_DEPLOYMENT_TARGET = 12.1;
				MTL_ENABLE_DEBUG_INFO = INCLUDE_SOURCE;
				MTL_FAST_MATH = YES;
				ONLY_ACTIVE_ARCH = YES;
				SDKROOT = iphoneos;
				SWIFT_ACTIVE_COMPILATION_CONDITIONS = DEBUG;
				SWIFT_OPTIMIZATION_LEVEL = "-Onone";
			};
			name = Debug;
		};
		DAFA9B9A2228907300B2CD4D /* Release */ = {
			isa = XCBuildConfiguration;
			buildSettings = {
				ALWAYS_SEARCH_USER_PATHS = NO;
				CLANG_ANALYZER_NONNULL = YES;
				CLANG_ANALYZER_NUMBER_OBJECT_CONVERSION = YES_AGGRESSIVE;
				CLANG_CXX_LANGUAGE_STANDARD = "gnu++14";
				CLANG_CXX_LIBRARY = "libc++";
				CLANG_ENABLE_MODULES = YES;
				CLANG_ENABLE_OBJC_ARC = YES;
				CLANG_ENABLE_OBJC_WEAK = YES;
				CLANG_WARN_BLOCK_CAPTURE_AUTORELEASING = YES;
				CLANG_WARN_BOOL_CONVERSION = YES;
				CLANG_WARN_COMMA = YES;
				CLANG_WARN_CONSTANT_CONVERSION = YES;
				CLANG_WARN_DEPRECATED_OBJC_IMPLEMENTATIONS = YES;
				CLANG_WARN_DIRECT_OBJC_ISA_USAGE = YES_ERROR;
				CLANG_WARN_DOCUMENTATION_COMMENTS = YES;
				CLANG_WARN_EMPTY_BODY = YES;
				CLANG_WARN_ENUM_CONVERSION = YES;
				CLANG_WARN_INFINITE_RECURSION = YES;
				CLANG_WARN_INT_CONVERSION = YES;
				CLANG_WARN_NON_LITERAL_NULL_CONVERSION = YES;
				CLANG_WARN_OBJC_IMPLICIT_RETAIN_SELF = YES;
				CLANG_WARN_OBJC_LITERAL_CONVERSION = YES;
				CLANG_WARN_OBJC_ROOT_CLASS = YES_ERROR;
				CLANG_WARN_RANGE_LOOP_ANALYSIS = YES;
				CLANG_WARN_STRICT_PROTOTYPES = YES;
				CLANG_WARN_SUSPICIOUS_MOVE = YES;
				CLANG_WARN_UNGUARDED_AVAILABILITY = YES_AGGRESSIVE;
				CLANG_WARN_UNREACHABLE_CODE = YES;
				CLANG_WARN__DUPLICATE_METHOD_MATCH = YES;
				CODE_SIGN_IDENTITY = "iPhone Developer";
				COPY_PHASE_STRIP = NO;
				DEBUG_INFORMATION_FORMAT = "dwarf-with-dsym";
				ENABLE_NS_ASSERTIONS = NO;
				ENABLE_STRICT_OBJC_MSGSEND = YES;
				GCC_C_LANGUAGE_STANDARD = gnu11;
				GCC_NO_COMMON_BLOCKS = YES;
				GCC_WARN_64_TO_32_BIT_CONVERSION = YES;
				GCC_WARN_ABOUT_RETURN_TYPE = YES_ERROR;
				GCC_WARN_UNDECLARED_SELECTOR = YES;
				GCC_WARN_UNINITIALIZED_AUTOS = YES_AGGRESSIVE;
				GCC_WARN_UNUSED_FUNCTION = YES;
				GCC_WARN_UNUSED_VARIABLE = YES;
				IPHONEOS_DEPLOYMENT_TARGET = 12.1;
				MTL_ENABLE_DEBUG_INFO = NO;
				MTL_FAST_MATH = YES;
				SDKROOT = iphoneos;
				SWIFT_COMPILATION_MODE = wholemodule;
				SWIFT_OPTIMIZATION_LEVEL = "-O";
				VALIDATE_PRODUCT = YES;
			};
			name = Release;
		};
		DAFA9B9C2228907300B2CD4D /* Debug */ = {
			isa = XCBuildConfiguration;
			baseConfigurationReference = F1E6713CA8F446E686381782 /* Pods-MeChef.debug.xcconfig */;
			buildSettings = {
				ASSETCATALOG_COMPILER_APPICON_NAME = AppIcon;
				CODE_SIGN_STYLE = Automatic;
				DEVELOPMENT_TEAM = ZWDDZD6GHF;
				INFOPLIST_FILE = MeChef/Info.plist;
				IPHONEOS_DEPLOYMENT_TARGET = 11.0;
				LD_RUNPATH_SEARCH_PATHS = (
					"$(inherited)",
					"@executable_path/Frameworks",
				);
				PRODUCT_BUNDLE_IDENTIFIER = es.YC.MeChef;
				PRODUCT_NAME = "$(TARGET_NAME)";
				SWIFT_VERSION = 4.2;
				TARGETED_DEVICE_FAMILY = "1,2";
			};
			name = Debug;
		};
		DAFA9B9D2228907300B2CD4D /* Release */ = {
			isa = XCBuildConfiguration;
			baseConfigurationReference = D820362D14F07E8CE325649B /* Pods-MeChef.release.xcconfig */;
			buildSettings = {
				ASSETCATALOG_COMPILER_APPICON_NAME = AppIcon;
				CODE_SIGN_STYLE = Automatic;
				DEVELOPMENT_TEAM = ZWDDZD6GHF;
				INFOPLIST_FILE = MeChef/Info.plist;
				IPHONEOS_DEPLOYMENT_TARGET = 11.0;
				LD_RUNPATH_SEARCH_PATHS = (
					"$(inherited)",
					"@executable_path/Frameworks",
				);
				PRODUCT_BUNDLE_IDENTIFIER = es.YC.MeChef;
				PRODUCT_NAME = "$(TARGET_NAME)";
				SWIFT_VERSION = 4.2;
				TARGETED_DEVICE_FAMILY = "1,2";
			};
			name = Release;
		};
/* End XCBuildConfiguration section */

/* Begin XCConfigurationList section */
		DAFA9B6C2228907100B2CD4D /* Build configuration list for PBXProject "MeChef" */ = {
			isa = XCConfigurationList;
			buildConfigurations = (
				DAFA9B992228907300B2CD4D /* Debug */,
				DAFA9B9A2228907300B2CD4D /* Release */,
			);
			defaultConfigurationIsVisible = 0;
			defaultConfigurationName = Release;
		};
		DAFA9B9B2228907300B2CD4D /* Build configuration list for PBXNativeTarget "MeChef" */ = {
			isa = XCConfigurationList;
			buildConfigurations = (
				DAFA9B9C2228907300B2CD4D /* Debug */,
				DAFA9B9D2228907300B2CD4D /* Release */,
			);
			defaultConfigurationIsVisible = 0;
			defaultConfigurationName = Release;
		};
/* End XCConfigurationList section */
	};
	rootObject = DAFA9B692228907100B2CD4D /* Project object */;
}
