// !$*UTF8*$!
{
	archiveVersion = 1;
	classes = {
	};
	objectVersion = 50;
	objects = {

/* Begin PBXBuildFile section */
		2145203C138997320BA5897D /* Pods_MeChef.framework in Frameworks */ = {isa = PBXBuildFile; fileRef = 68821EE02BE2B187393C88B2 /* Pods_MeChef.framework */; };
		DADF5A26222AAE460064DB75 /* RequestError.swift in Sources */ = {isa = PBXBuildFile; fileRef = DADF5A25222AAE460064DB75 /* RequestError.swift */; };
		DADF5A28222AAE5A0064DB75 /* LeadKitError.swift in Sources */ = {isa = PBXBuildFile; fileRef = DADF5A27222AAE5A0064DB75 /* LeadKitError.swift */; };
		DADF5A2A222AAEB10064DB75 /* NetworkService+Extensions.swift in Sources */ = {isa = PBXBuildFile; fileRef = DADF5A29222AAEB10064DB75 /* NetworkService+Extensions.swift */; };
		DADF5A88222AB4CE0064DB75 /* cases.twig in Resources */ = {isa = PBXBuildFile; fileRef = DADF5A2F222AB4CE0064DB75 /* cases.twig */; };
		DADF5A89222AB4CE0064DB75 /* fields-getters-setters.twig in Resources */ = {isa = PBXBuildFile; fileRef = DADF5A31222AB4CE0064DB75 /* fields-getters-setters.twig */; };
		DADF5A8A222AB4CE0064DB75 /* fields-initialization.twig in Resources */ = {isa = PBXBuildFile; fileRef = DADF5A32222AB4CE0064DB75 /* fields-initialization.twig */; };
		DADF5A8B222AB4CE0064DB75 /* fields-read-object.twig in Resources */ = {isa = PBXBuildFile; fileRef = DADF5A33222AB4CE0064DB75 /* fields-read-object.twig */; };
		DADF5A8C222AB4CE0064DB75 /* supertype.twig in Resources */ = {isa = PBXBuildFile; fileRef = DADF5A34222AB4CE0064DB75 /* supertype.twig */; };
		DADF5A8D222AB4CE0064DB75 /* fields.twig in Resources */ = {isa = PBXBuildFile; fileRef = DADF5A35222AB4CE0064DB75 /* fields.twig */; };
		DADF5A8E222AB4CE0064DB75 /* type-parameters.twig in Resources */ = {isa = PBXBuildFile; fileRef = DADF5A36222AB4CE0064DB75 /* type-parameters.twig */; };
		DADF5A8F222AB4CE0064DB75 /* fields-equals.twig in Resources */ = {isa = PBXBuildFile; fileRef = DADF5A37222AB4CE0064DB75 /* fields-equals.twig */; };
		DADF5A90222AB4CE0064DB75 /* classtype.twig in Resources */ = {isa = PBXBuildFile; fileRef = DADF5A38222AB4CE0064DB75 /* classtype.twig */; };
		DADF5A91222AB4CE0064DB75 /* fields-validate.twig in Resources */ = {isa = PBXBuildFile; fileRef = DADF5A39222AB4CE0064DB75 /* fields-validate.twig */; };
		DADF5A92222AB4CE0064DB75 /* fields-write-object.twig in Resources */ = {isa = PBXBuildFile; fileRef = DADF5A3A222AB4CE0064DB75 /* fields-write-object.twig */; };
		DADF5A93222AB4CE0064DB75 /* fields-super-initialization.twig in Resources */ = {isa = PBXBuildFile; fileRef = DADF5A3B222AB4CE0064DB75 /* fields-super-initialization.twig */; };
		DADF5A94222AB4CE0064DB75 /* init-parameters-fields.twig in Resources */ = {isa = PBXBuildFile; fileRef = DADF5A3C222AB4CE0064DB75 /* init-parameters-fields.twig */; };
		DADF5A95222AB4CF0064DB75 /* method-func.twig in Resources */ = {isa = PBXBuildFile; fileRef = DADF5A3E222AB4CE0064DB75 /* method-func.twig */; };
		DADF5A96222AB4CF0064DB75 /* ApiDateFormattingService.swift.twig in Resources */ = {isa = PBXBuildFile; fileRef = DADF5A3F222AB4CE0064DB75 /* ApiDateFormattingService.swift.twig */; };
		DADF5A97222AB4CF0064DB75 /* Class.java.twig in Resources */ = {isa = PBXBuildFile; fileRef = DADF5A40222AB4CE0064DB75 /* Class.java.twig */; };
		DADF5A98222AB4CF0064DB75 /* Enum.java.twig in Resources */ = {isa = PBXBuildFile; fileRef = DADF5A41222AB4CE0064DB75 /* Enum.java.twig */; };
		DADF5A99222AB4CF0064DB75 /* utils.twig in Resources */ = {isa = PBXBuildFile; fileRef = DADF5A42222AB4CE0064DB75 /* utils.twig */; };
		DADF5A9A222AB4CF0064DB75 /* Methods.java.twig in Resources */ = {isa = PBXBuildFile; fileRef = DADF5A43222AB4CE0064DB75 /* Methods.java.twig */; };
		DADF5A9B222AB4CF0064DB75 /* comment.html.twig in Resources */ = {isa = PBXBuildFile; fileRef = DADF5A46222AB4CE0064DB75 /* comment.html.twig */; };
		DADF5A9C222AB4CF0064DB75 /* method-body.html.twig in Resources */ = {isa = PBXBuildFile; fileRef = DADF5A47222AB4CE0064DB75 /* method-body.html.twig */; };
		DADF5A9D222AB4CF0064DB75 /* head.html.twig in Resources */ = {isa = PBXBuildFile; fileRef = DADF5A48222AB4CE0064DB75 /* head.html.twig */; };
		DADF5A9E222AB4CF0064DB75 /* table-of-contents-body.html.twig in Resources */ = {isa = PBXBuildFile; fileRef = DADF5A49222AB4CE0064DB75 /* table-of-contents-body.html.twig */; };
		DADF5A9F222AB4CF0064DB75 /* enum-body.html.twig in Resources */ = {isa = PBXBuildFile; fileRef = DADF5A4A222AB4CE0064DB75 /* enum-body.html.twig */; };
		DADF5AA0222AB4CF0064DB75 /* secondary-menu.html.twig in Resources */ = {isa = PBXBuildFile; fileRef = DADF5A4B222AB4CE0064DB75 /* secondary-menu.html.twig */; };
		DADF5AA1222AB4CF0064DB75 /* header.html.twig in Resources */ = {isa = PBXBuildFile; fileRef = DADF5A4C222AB4CE0064DB75 /* header.html.twig */; };
		DADF5AA2222AB4CF0064DB75 /* main-menu.html.twig in Resources */ = {isa = PBXBuildFile; fileRef = DADF5A4D222AB4CE0064DB75 /* main-menu.html.twig */; };
		DADF5AA3222AB4CF0064DB75 /* scripts.html.twig in Resources */ = {isa = PBXBuildFile; fileRef = DADF5A4E222AB4CE0064DB75 /* scripts.html.twig */; };
		DADF5AA4222AB4CF0064DB75 /* field-row.html.twig in Resources */ = {isa = PBXBuildFile; fileRef = DADF5A4F222AB4CE0064DB75 /* field-row.html.twig */; };
		DADF5AA5222AB4CF0064DB75 /* sandbox-optional-nullable.html.twig in Resources */ = {isa = PBXBuildFile; fileRef = DADF5A50222AB4CE0064DB75 /* sandbox-optional-nullable.html.twig */; };
		DADF5AA6222AB4CF0064DB75 /* class-body.html.twig in Resources */ = {isa = PBXBuildFile; fileRef = DADF5A51222AB4CE0064DB75 /* class-body.html.twig */; };
		DADF5AA7222AB4CF0064DB75 /* table_of_contents.html.twig in Resources */ = {isa = PBXBuildFile; fileRef = DADF5A52222AB4CE0064DB75 /* table_of_contents.html.twig */; };
		DADF5AA8222AB4CF0064DB75 /* main.css in Resources */ = {isa = PBXBuildFile; fileRef = DADF5A54222AB4CE0064DB75 /* main.css */; };
		DADF5AA9222AB4CF0064DB75 /* social-font-embedded.css in Resources */ = {isa = PBXBuildFile; fileRef = DADF5A55222AB4CE0064DB75 /* social-font-embedded.css */; };
		DADF5AAA222AB4CF0064DB75 /* fonts.css in Resources */ = {isa = PBXBuildFile; fileRef = DADF5A56222AB4CE0064DB75 /* fonts.css */; };
		DADF5AAB222AB4CF0064DB75 /* normalize.css in Resources */ = {isa = PBXBuildFile; fileRef = DADF5A57222AB4CE0064DB75 /* normalize.css */; };
		DADF5AAC222AB4CF0064DB75 /* methods.html.twig in Resources */ = {isa = PBXBuildFile; fileRef = DADF5A58222AB4CE0064DB75 /* methods.html.twig */; };
		DADF5AAD222AB4CF0064DB75 /* versioning.html.twig in Resources */ = {isa = PBXBuildFile; fileRef = DADF5A59222AB4CE0064DB75 /* versioning.html.twig */; };
		DADF5AAE222AB4CF0064DB75 /* vertical-split.png in Resources */ = {isa = PBXBuildFile; fileRef = DADF5A5B222AB4CE0064DB75 /* vertical-split.png */; };
		DADF5AAF222AB4CF0064DB75 /* logo.png in Resources */ = {isa = PBXBuildFile; fileRef = DADF5A5C222AB4CE0064DB75 /* logo.png */; };
		DADF5AB0222AB4CF0064DB75 /* searchItems.js.twig in Resources */ = {isa = PBXBuildFile; fileRef = DADF5A5D222AB4CE0064DB75 /* searchItems.js.twig */; };
		DADF5AB1222AB4CF0064DB75 /* main.js in Resources */ = {isa = PBXBuildFile; fileRef = DADF5A5F222AB4CE0064DB75 /* main.js */; };
		DADF5AB2222AB4CF0064DB75 /* notification.html.twig in Resources */ = {isa = PBXBuildFile; fileRef = DADF5A60222AB4CE0064DB75 /* notification.html.twig */; };
		DADF5AB3222AB4CF0064DB75 /* structure_enumeration.html.twig in Resources */ = {isa = PBXBuildFile; fileRef = DADF5A61222AB4CE0064DB75 /* structure_enumeration.html.twig */; };
		DADF5AB4222AB4CF0064DB75 /* index.html.twig in Resources */ = {isa = PBXBuildFile; fileRef = DADF5A62222AB4CE0064DB75 /* index.html.twig */; };
		DADF5AB5222AB4CF0064DB75 /* all_contents.html.twig in Resources */ = {isa = PBXBuildFile; fileRef = DADF5A63222AB4CE0064DB75 /* all_contents.html.twig */; };
		DADF5AB6222AB4CF0064DB75 /* structure_objects.html.twig in Resources */ = {isa = PBXBuildFile; fileRef = DADF5A64222AB4CE0064DB75 /* structure_objects.html.twig */; };
		DADF5AB7222AB4CF0064DB75 /* errors.html.twig in Resources */ = {isa = PBXBuildFile; fileRef = DADF5A65222AB4CE0064DB75 /* errors.html.twig */; };
		DADF5AB8222AB4CF0064DB75 /* utils.twig in Resources */ = {isa = PBXBuildFile; fileRef = DADF5A66222AB4CE0064DB75 /* utils.twig */; };
		DADF5AB9222AB4CF0064DB75 /* Roboto-Medium.ttf in Resources */ = {isa = PBXBuildFile; fileRef = DADF5A68222AB4CE0064DB75 /* Roboto-Medium.ttf */; };
		DADF5ABA222AB4CF0064DB75 /* social-font.eot in Resources */ = {isa = PBXBuildFile; fileRef = DADF5A69222AB4CE0064DB75 /* social-font.eot */; };
		DADF5ABB222AB4CF0064DB75 /* Roboto-Regular.ttf in Resources */ = {isa = PBXBuildFile; fileRef = DADF5A6A222AB4CE0064DB75 /* Roboto-Regular.ttf */; };
		DADF5ABC222AB4CF0064DB75 /* social-font.ttf in Resources */ = {isa = PBXBuildFile; fileRef = DADF5A6B222AB4CE0064DB75 /* social-font.ttf */; };
		DADF5ABD222AB4CF0064DB75 /* social-font.woff in Resources */ = {isa = PBXBuildFile; fileRef = DADF5A6C222AB4CE0064DB75 /* social-font.woff */; };
		DADF5ABE222AB4CF0064DB75 /* social-font.svg in Resources */ = {isa = PBXBuildFile; fileRef = DADF5A6D222AB4CE0064DB75 /* social-font.svg */; };
		DADF5ABF222AB4CF0064DB75 /* Roboto-Bold.ttf in Resources */ = {isa = PBXBuildFile; fileRef = DADF5A6E222AB4CE0064DB75 /* Roboto-Bold.ttf */; };
		DADF5AC0222AB4CF0064DB75 /* README.md in Resources */ = {isa = PBXBuildFile; fileRef = DADF5A6F222AB4CE0064DB75 /* README.md */; };
		DADF5AC1222AB4CF0064DB75 /* cases.twig in Resources */ = {isa = PBXBuildFile; fileRef = DADF5A73222AB4CE0064DB75 /* cases.twig */; };
		DADF5AC2222AB4CF0064DB75 /* fields-initialization.twig in Resources */ = {isa = PBXBuildFile; fileRef = DADF5A75222AB4CE0064DB75 /* fields-initialization.twig */; };
		DADF5AC3222AB4CF0064DB75 /* fields.twig in Resources */ = {isa = PBXBuildFile; fileRef = DADF5A76222AB4CE0064DB75 /* fields.twig */; };
		DADF5AC4222AB4CF0064DB75 /* date-transformers.twig in Resources */ = {isa = PBXBuildFile; fileRef = DADF5A77222AB4CE0064DB75 /* date-transformers.twig */; };
		DADF5AC5222AB4CF0064DB75 /* fields-mapping-from-map.twig in Resources */ = {isa = PBXBuildFile; fileRef = DADF5A78222AB4CE0064DB75 /* fields-mapping-from-map.twig */; };
		DADF5AC6222AB4CF0064DB75 /* fields-super-initialization.twig in Resources */ = {isa = PBXBuildFile; fileRef = DADF5A79222AB4CE0064DB75 /* fields-super-initialization.twig */; };
		DADF5AC7222AB4CF0064DB75 /* init-parameters-fields.twig in Resources */ = {isa = PBXBuildFile; fileRef = DADF5A7A222AB4CE0064DB75 /* init-parameters-fields.twig */; };
		DADF5AC8222AB4CF0064DB75 /* fields-hash.twig in Resources */ = {isa = PBXBuildFile; fileRef = DADF5A7B222AB4CE0064DB75 /* fields-hash.twig */; };
		DADF5AC9222AB4CF0064DB75 /* fields-mapping-to-map.twig in Resources */ = {isa = PBXBuildFile; fileRef = DADF5A7C222AB4CE0064DB75 /* fields-mapping-to-map.twig */; };
		DADF5ACA222AB4CF0064DB75 /* method-func.twig in Resources */ = {isa = PBXBuildFile; fileRef = DADF5A7E222AB4CE0064DB75 /* method-func.twig */; };
		DADF5ACB222AB4CF0064DB75 /* ApiDateFormattingService.swift.twig in Resources */ = {isa = PBXBuildFile; fileRef = DADF5A7F222AB4CE0064DB75 /* ApiDateFormattingService.swift.twig */; };
		DADF5ACC222AB4CF0064DB75 /* Methods.swift.twig in Resources */ = {isa = PBXBuildFile; fileRef = DADF5A80222AB4CE0064DB75 /* Methods.swift.twig */; };
		DADF5ACD222AB4CF0064DB75 /* Class.swift.twig in Resources */ = {isa = PBXBuildFile; fileRef = DADF5A81222AB4CE0064DB75 /* Class.swift.twig */; };
		DADF5ACE222AB4CF0064DB75 /* enum.utils.twig in Resources */ = {isa = PBXBuildFile; fileRef = DADF5A83222AB4CE0064DB75 /* enum.utils.twig */; };
		DADF5ACF222AB4CF0064DB75 /* common.utils.twig in Resources */ = {isa = PBXBuildFile; fileRef = DADF5A84222AB4CE0064DB75 /* common.utils.twig */; };
		DADF5AD0222AB4CF0064DB75 /* class.utils.twig in Resources */ = {isa = PBXBuildFile; fileRef = DADF5A85222AB4CE0064DB75 /* class.utils.twig */; };
		DADF5AD1222AB4CF0064DB75 /* NetworkService.swift.twig in Resources */ = {isa = PBXBuildFile; fileRef = DADF5A86222AB4CE0064DB75 /* NetworkService.swift.twig */; };
		DADF5AD2222AB4CF0064DB75 /* Enum.swift.twig in Resources */ = {isa = PBXBuildFile; fileRef = DADF5A87222AB4CE0064DB75 /* Enum.swift.twig */; };
		DAFA9B752228907100B2CD4D /* AppDelegate.swift in Sources */ = {isa = PBXBuildFile; fileRef = DAFA9B742228907100B2CD4D /* AppDelegate.swift */; };
		DAFA9B772228907100B2CD4D /* FirstViewController.swift in Sources */ = {isa = PBXBuildFile; fileRef = DAFA9B762228907100B2CD4D /* FirstViewController.swift */; };
		DAFA9B792228907100B2CD4D /* SecondViewController.swift in Sources */ = {isa = PBXBuildFile; fileRef = DAFA9B782228907100B2CD4D /* SecondViewController.swift */; };
		DAFA9B7C2228907100B2CD4D /* Main.storyboard in Resources */ = {isa = PBXBuildFile; fileRef = DAFA9B7A2228907100B2CD4D /* Main.storyboard */; };
		DAFA9B7E2228907200B2CD4D /* Assets.xcassets in Resources */ = {isa = PBXBuildFile; fileRef = DAFA9B7D2228907200B2CD4D /* Assets.xcassets */; };
		DAFA9B812228907200B2CD4D /* LaunchScreen.storyboard in Resources */ = {isa = PBXBuildFile; fileRef = DAFA9B7F2228907200B2CD4D /* LaunchScreen.storyboard */; };
		DAFD096B22297AA400F1255A /* NetworkService.swift in Sources */ = {isa = PBXBuildFile; fileRef = DAFD096A22297AA400F1255A /* NetworkService.swift */; };
		DAFD096F2229816C00F1255A /* Models.swift in Sources */ = {isa = PBXBuildFile; fileRef = DAFD096E2229816C00F1255A /* Models.swift */; };
		DAFD09752229872700F1255A /* ApiRequestParameters.swift in Sources */ = {isa = PBXBuildFile; fileRef = DAFD09742229872700F1255A /* ApiRequestParameters.swift */; };
		DAFD09782229903E00F1255A /* DishesRequests.swift in Sources */ = {isa = PBXBuildFile; fileRef = DAFD09772229903E00F1255A /* DishesRequests.swift */; };
/* End PBXBuildFile section */

/* Begin PBXFileReference section */
		68821EE02BE2B187393C88B2 /* Pods_MeChef.framework */ = {isa = PBXFileReference; explicitFileType = wrapper.framework; includeInIndex = 0; path = Pods_MeChef.framework; sourceTree = BUILT_PRODUCTS_DIR; };
		D820362D14F07E8CE325649B /* Pods-MeChef.release.xcconfig */ = {isa = PBXFileReference; includeInIndex = 1; lastKnownFileType = text.xcconfig; name = "Pods-MeChef.release.xcconfig"; path = "Pods/Target Support Files/Pods-MeChef/Pods-MeChef.release.xcconfig"; sourceTree = "<group>"; };
		DADF5A25222AAE460064DB75 /* RequestError.swift */ = {isa = PBXFileReference; lastKnownFileType = sourcecode.swift; path = RequestError.swift; sourceTree = "<group>"; };
		DADF5A27222AAE5A0064DB75 /* LeadKitError.swift */ = {isa = PBXFileReference; lastKnownFileType = sourcecode.swift; path = LeadKitError.swift; sourceTree = "<group>"; };
		DADF5A29222AAEB10064DB75 /* NetworkService+Extensions.swift */ = {isa = PBXFileReference; lastKnownFileType = sourcecode.swift; path = "NetworkService+Extensions.swift"; sourceTree = "<group>"; };
		DADF5A2F222AB4CE0064DB75 /* cases.twig */ = {isa = PBXFileReference; fileEncoding = 4; lastKnownFileType = text; path = cases.twig; sourceTree = "<group>"; };
		DADF5A31222AB4CE0064DB75 /* fields-getters-setters.twig */ = {isa = PBXFileReference; fileEncoding = 4; lastKnownFileType = text; path = "fields-getters-setters.twig"; sourceTree = "<group>"; };
		DADF5A32222AB4CE0064DB75 /* fields-initialization.twig */ = {isa = PBXFileReference; fileEncoding = 4; lastKnownFileType = text; path = "fields-initialization.twig"; sourceTree = "<group>"; };
		DADF5A33222AB4CE0064DB75 /* fields-read-object.twig */ = {isa = PBXFileReference; fileEncoding = 4; lastKnownFileType = text; path = "fields-read-object.twig"; sourceTree = "<group>"; };
		DADF5A34222AB4CE0064DB75 /* supertype.twig */ = {isa = PBXFileReference; fileEncoding = 4; lastKnownFileType = text; path = supertype.twig; sourceTree = "<group>"; };
		DADF5A35222AB4CE0064DB75 /* fields.twig */ = {isa = PBXFileReference; fileEncoding = 4; lastKnownFileType = text; path = fields.twig; sourceTree = "<group>"; };
		DADF5A36222AB4CE0064DB75 /* type-parameters.twig */ = {isa = PBXFileReference; fileEncoding = 4; lastKnownFileType = text; path = "type-parameters.twig"; sourceTree = "<group>"; };
		DADF5A37222AB4CE0064DB75 /* fields-equals.twig */ = {isa = PBXFileReference; fileEncoding = 4; lastKnownFileType = text; path = "fields-equals.twig"; sourceTree = "<group>"; };
		DADF5A38222AB4CE0064DB75 /* classtype.twig */ = {isa = PBXFileReference; fileEncoding = 4; lastKnownFileType = text; path = classtype.twig; sourceTree = "<group>"; };
		DADF5A39222AB4CE0064DB75 /* fields-validate.twig */ = {isa = PBXFileReference; fileEncoding = 4; lastKnownFileType = text; path = "fields-validate.twig"; sourceTree = "<group>"; };
		DADF5A3A222AB4CE0064DB75 /* fields-write-object.twig */ = {isa = PBXFileReference; fileEncoding = 4; lastKnownFileType = text; path = "fields-write-object.twig"; sourceTree = "<group>"; };
		DADF5A3B222AB4CE0064DB75 /* fields-super-initialization.twig */ = {isa = PBXFileReference; fileEncoding = 4; lastKnownFileType = text; path = "fields-super-initialization.twig"; sourceTree = "<group>"; };
		DADF5A3C222AB4CE0064DB75 /* init-parameters-fields.twig */ = {isa = PBXFileReference; fileEncoding = 4; lastKnownFileType = text; path = "init-parameters-fields.twig"; sourceTree = "<group>"; };
		DADF5A3E222AB4CE0064DB75 /* method-func.twig */ = {isa = PBXFileReference; fileEncoding = 4; lastKnownFileType = text; path = "method-func.twig"; sourceTree = "<group>"; };
		DADF5A3F222AB4CE0064DB75 /* ApiDateFormattingService.swift.twig */ = {isa = PBXFileReference; fileEncoding = 4; lastKnownFileType = text; path = ApiDateFormattingService.swift.twig; sourceTree = "<group>"; };
		DADF5A40222AB4CE0064DB75 /* Class.java.twig */ = {isa = PBXFileReference; fileEncoding = 4; lastKnownFileType = text; path = Class.java.twig; sourceTree = "<group>"; };
		DADF5A41222AB4CE0064DB75 /* Enum.java.twig */ = {isa = PBXFileReference; fileEncoding = 4; lastKnownFileType = text; path = Enum.java.twig; sourceTree = "<group>"; };
		DADF5A42222AB4CE0064DB75 /* utils.twig */ = {isa = PBXFileReference; fileEncoding = 4; lastKnownFileType = text; path = utils.twig; sourceTree = "<group>"; };
		DADF5A43222AB4CE0064DB75 /* Methods.java.twig */ = {isa = PBXFileReference; fileEncoding = 4; lastKnownFileType = text; path = Methods.java.twig; sourceTree = "<group>"; };
		DADF5A46222AB4CE0064DB75 /* comment.html.twig */ = {isa = PBXFileReference; fileEncoding = 4; lastKnownFileType = text; path = comment.html.twig; sourceTree = "<group>"; };
		DADF5A47222AB4CE0064DB75 /* method-body.html.twig */ = {isa = PBXFileReference; fileEncoding = 4; lastKnownFileType = text; path = "method-body.html.twig"; sourceTree = "<group>"; };
		DADF5A48222AB4CE0064DB75 /* head.html.twig */ = {isa = PBXFileReference; fileEncoding = 4; lastKnownFileType = text; path = head.html.twig; sourceTree = "<group>"; };
		DADF5A49222AB4CE0064DB75 /* table-of-contents-body.html.twig */ = {isa = PBXFileReference; fileEncoding = 4; lastKnownFileType = text; path = "table-of-contents-body.html.twig"; sourceTree = "<group>"; };
		DADF5A4A222AB4CE0064DB75 /* enum-body.html.twig */ = {isa = PBXFileReference; fileEncoding = 4; lastKnownFileType = text; path = "enum-body.html.twig"; sourceTree = "<group>"; };
		DADF5A4B222AB4CE0064DB75 /* secondary-menu.html.twig */ = {isa = PBXFileReference; fileEncoding = 4; lastKnownFileType = text; path = "secondary-menu.html.twig"; sourceTree = "<group>"; };
		DADF5A4C222AB4CE0064DB75 /* header.html.twig */ = {isa = PBXFileReference; fileEncoding = 4; lastKnownFileType = text; path = header.html.twig; sourceTree = "<group>"; };
		DADF5A4D222AB4CE0064DB75 /* main-menu.html.twig */ = {isa = PBXFileReference; fileEncoding = 4; lastKnownFileType = text; path = "main-menu.html.twig"; sourceTree = "<group>"; };
		DADF5A4E222AB4CE0064DB75 /* scripts.html.twig */ = {isa = PBXFileReference; fileEncoding = 4; lastKnownFileType = text; path = scripts.html.twig; sourceTree = "<group>"; };
		DADF5A4F222AB4CE0064DB75 /* field-row.html.twig */ = {isa = PBXFileReference; fileEncoding = 4; lastKnownFileType = text; path = "field-row.html.twig"; sourceTree = "<group>"; };
		DADF5A50222AB4CE0064DB75 /* sandbox-optional-nullable.html.twig */ = {isa = PBXFileReference; fileEncoding = 4; lastKnownFileType = text; path = "sandbox-optional-nullable.html.twig"; sourceTree = "<group>"; };
		DADF5A51222AB4CE0064DB75 /* class-body.html.twig */ = {isa = PBXFileReference; fileEncoding = 4; lastKnownFileType = text; path = "class-body.html.twig"; sourceTree = "<group>"; };
		DADF5A52222AB4CE0064DB75 /* table_of_contents.html.twig */ = {isa = PBXFileReference; fileEncoding = 4; lastKnownFileType = text; path = table_of_contents.html.twig; sourceTree = "<group>"; };
		DADF5A54222AB4CE0064DB75 /* main.css */ = {isa = PBXFileReference; fileEncoding = 4; lastKnownFileType = text.css; path = main.css; sourceTree = "<group>"; };
		DADF5A55222AB4CE0064DB75 /* social-font-embedded.css */ = {isa = PBXFileReference; fileEncoding = 4; lastKnownFileType = text.css; path = "social-font-embedded.css"; sourceTree = "<group>"; };
		DADF5A56222AB4CE0064DB75 /* fonts.css */ = {isa = PBXFileReference; fileEncoding = 4; lastKnownFileType = text.css; path = fonts.css; sourceTree = "<group>"; };
		DADF5A57222AB4CE0064DB75 /* normalize.css */ = {isa = PBXFileReference; fileEncoding = 4; lastKnownFileType = text.css; path = normalize.css; sourceTree = "<group>"; };
		DADF5A58222AB4CE0064DB75 /* methods.html.twig */ = {isa = PBXFileReference; fileEncoding = 4; lastKnownFileType = text; path = methods.html.twig; sourceTree = "<group>"; };
		DADF5A59222AB4CE0064DB75 /* versioning.html.twig */ = {isa = PBXFileReference; fileEncoding = 4; lastKnownFileType = text; path = versioning.html.twig; sourceTree = "<group>"; };
		DADF5A5B222AB4CE0064DB75 /* vertical-split.png */ = {isa = PBXFileReference; lastKnownFileType = image.png; path = "vertical-split.png"; sourceTree = "<group>"; };
		DADF5A5C222AB4CE0064DB75 /* logo.png */ = {isa = PBXFileReference; lastKnownFileType = image.png; path = logo.png; sourceTree = "<group>"; };
		DADF5A5D222AB4CE0064DB75 /* searchItems.js.twig */ = {isa = PBXFileReference; fileEncoding = 4; lastKnownFileType = text; path = searchItems.js.twig; sourceTree = "<group>"; };
		DADF5A5F222AB4CE0064DB75 /* main.js */ = {isa = PBXFileReference; fileEncoding = 4; lastKnownFileType = sourcecode.javascript; path = main.js; sourceTree = "<group>"; };
		DADF5A60222AB4CE0064DB75 /* notification.html.twig */ = {isa = PBXFileReference; fileEncoding = 4; lastKnownFileType = text; path = notification.html.twig; sourceTree = "<group>"; };
		DADF5A61222AB4CE0064DB75 /* structure_enumeration.html.twig */ = {isa = PBXFileReference; fileEncoding = 4; lastKnownFileType = text; path = structure_enumeration.html.twig; sourceTree = "<group>"; };
		DADF5A62222AB4CE0064DB75 /* index.html.twig */ = {isa = PBXFileReference; fileEncoding = 4; lastKnownFileType = text; path = index.html.twig; sourceTree = "<group>"; };
		DADF5A63222AB4CE0064DB75 /* all_contents.html.twig */ = {isa = PBXFileReference; fileEncoding = 4; lastKnownFileType = text; path = all_contents.html.twig; sourceTree = "<group>"; };
		DADF5A64222AB4CE0064DB75 /* structure_objects.html.twig */ = {isa = PBXFileReference; fileEncoding = 4; lastKnownFileType = text; path = structure_objects.html.twig; sourceTree = "<group>"; };
		DADF5A65222AB4CE0064DB75 /* errors.html.twig */ = {isa = PBXFileReference; fileEncoding = 4; lastKnownFileType = text; path = errors.html.twig; sourceTree = "<group>"; };
		DADF5A66222AB4CE0064DB75 /* utils.twig */ = {isa = PBXFileReference; fileEncoding = 4; lastKnownFileType = text; path = utils.twig; sourceTree = "<group>"; };
		DADF5A68222AB4CE0064DB75 /* Roboto-Medium.ttf */ = {isa = PBXFileReference; lastKnownFileType = file; path = "Roboto-Medium.ttf"; sourceTree = "<group>"; };
		DADF5A69222AB4CE0064DB75 /* social-font.eot */ = {isa = PBXFileReference; lastKnownFileType = file; path = "social-font.eot"; sourceTree = "<group>"; };
		DADF5A6A222AB4CE0064DB75 /* Roboto-Regular.ttf */ = {isa = PBXFileReference; lastKnownFileType = file; path = "Roboto-Regular.ttf"; sourceTree = "<group>"; };
		DADF5A6B222AB4CE0064DB75 /* social-font.ttf */ = {isa = PBXFileReference; lastKnownFileType = file; path = "social-font.ttf"; sourceTree = "<group>"; };
		DADF5A6C222AB4CE0064DB75 /* social-font.woff */ = {isa = PBXFileReference; lastKnownFileType = file; path = "social-font.woff"; sourceTree = "<group>"; };
		DADF5A6D222AB4CE0064DB75 /* social-font.svg */ = {isa = PBXFileReference; fileEncoding = 4; lastKnownFileType = text.xml; path = "social-font.svg"; sourceTree = "<group>"; };
		DADF5A6E222AB4CE0064DB75 /* Roboto-Bold.ttf */ = {isa = PBXFileReference; lastKnownFileType = file; path = "Roboto-Bold.ttf"; sourceTree = "<group>"; };
		DADF5A6F222AB4CE0064DB75 /* README.md */ = {isa = PBXFileReference; fileEncoding = 4; lastKnownFileType = net.daringfireball.markdown; path = README.md; sourceTree = "<group>"; };
		DADF5A73222AB4CE0064DB75 /* cases.twig */ = {isa = PBXFileReference; fileEncoding = 4; lastKnownFileType = text; path = cases.twig; sourceTree = "<group>"; };
		DADF5A75222AB4CE0064DB75 /* fields-initialization.twig */ = {isa = PBXFileReference; fileEncoding = 4; lastKnownFileType = text; path = "fields-initialization.twig"; sourceTree = "<group>"; };
		DADF5A76222AB4CE0064DB75 /* fields.twig */ = {isa = PBXFileReference; fileEncoding = 4; lastKnownFileType = text; path = fields.twig; sourceTree = "<group>"; };
		DADF5A77222AB4CE0064DB75 /* date-transformers.twig */ = {isa = PBXFileReference; fileEncoding = 4; lastKnownFileType = text; path = "date-transformers.twig"; sourceTree = "<group>"; };
		DADF5A78222AB4CE0064DB75 /* fields-mapping-from-map.twig */ = {isa = PBXFileReference; fileEncoding = 4; lastKnownFileType = text; path = "fields-mapping-from-map.twig"; sourceTree = "<group>"; };
		DADF5A79222AB4CE0064DB75 /* fields-super-initialization.twig */ = {isa = PBXFileReference; fileEncoding = 4; lastKnownFileType = text; path = "fields-super-initialization.twig"; sourceTree = "<group>"; };
		DADF5A7A222AB4CE0064DB75 /* init-parameters-fields.twig */ = {isa = PBXFileReference; fileEncoding = 4; lastKnownFileType = text; path = "init-parameters-fields.twig"; sourceTree = "<group>"; };
		DADF5A7B222AB4CE0064DB75 /* fields-hash.twig */ = {isa = PBXFileReference; fileEncoding = 4; lastKnownFileType = text; path = "fields-hash.twig"; sourceTree = "<group>"; };
		DADF5A7C222AB4CE0064DB75 /* fields-mapping-to-map.twig */ = {isa = PBXFileReference; fileEncoding = 4; lastKnownFileType = text; path = "fields-mapping-to-map.twig"; sourceTree = "<group>"; };
		DADF5A7E222AB4CE0064DB75 /* method-func.twig */ = {isa = PBXFileReference; fileEncoding = 4; lastKnownFileType = text; path = "method-func.twig"; sourceTree = "<group>"; };
		DADF5A7F222AB4CE0064DB75 /* ApiDateFormattingService.swift.twig */ = {isa = PBXFileReference; fileEncoding = 4; lastKnownFileType = text; path = ApiDateFormattingService.swift.twig; sourceTree = "<group>"; };
		DADF5A80222AB4CE0064DB75 /* Methods.swift.twig */ = {isa = PBXFileReference; fileEncoding = 4; lastKnownFileType = text; path = Methods.swift.twig; sourceTree = "<group>"; };
		DADF5A81222AB4CE0064DB75 /* Class.swift.twig */ = {isa = PBXFileReference; fileEncoding = 4; lastKnownFileType = text; path = Class.swift.twig; sourceTree = "<group>"; };
		DADF5A83222AB4CE0064DB75 /* enum.utils.twig */ = {isa = PBXFileReference; fileEncoding = 4; lastKnownFileType = text; path = enum.utils.twig; sourceTree = "<group>"; };
		DADF5A84222AB4CE0064DB75 /* common.utils.twig */ = {isa = PBXFileReference; fileEncoding = 4; lastKnownFileType = text; path = common.utils.twig; sourceTree = "<group>"; };
		DADF5A85222AB4CE0064DB75 /* class.utils.twig */ = {isa = PBXFileReference; fileEncoding = 4; lastKnownFileType = text; path = class.utils.twig; sourceTree = "<group>"; };
		DADF5A86222AB4CE0064DB75 /* NetworkService.swift.twig */ = {isa = PBXFileReference; fileEncoding = 4; lastKnownFileType = text; path = NetworkService.swift.twig; sourceTree = "<group>"; };
		DADF5A87222AB4CE0064DB75 /* Enum.swift.twig */ = {isa = PBXFileReference; fileEncoding = 4; lastKnownFileType = text; path = Enum.swift.twig; sourceTree = "<group>"; };
		DAFA9B712228907100B2CD4D /* MeChef.app */ = {isa = PBXFileReference; explicitFileType = wrapper.application; includeInIndex = 0; path = MeChef.app; sourceTree = BUILT_PRODUCTS_DIR; };
		DAFA9B742228907100B2CD4D /* AppDelegate.swift */ = {isa = PBXFileReference; lastKnownFileType = sourcecode.swift; path = AppDelegate.swift; sourceTree = "<group>"; };
		DAFA9B762228907100B2CD4D /* FirstViewController.swift */ = {isa = PBXFileReference; lastKnownFileType = sourcecode.swift; path = FirstViewController.swift; sourceTree = "<group>"; };
		DAFA9B782228907100B2CD4D /* SecondViewController.swift */ = {isa = PBXFileReference; lastKnownFileType = sourcecode.swift; path = SecondViewController.swift; sourceTree = "<group>"; };
		DAFA9B7B2228907100B2CD4D /* Base */ = {isa = PBXFileReference; lastKnownFileType = file.storyboard; name = Base; path = Base.lproj/Main.storyboard; sourceTree = "<group>"; };
		DAFA9B7D2228907200B2CD4D /* Assets.xcassets */ = {isa = PBXFileReference; lastKnownFileType = folder.assetcatalog; path = Assets.xcassets; sourceTree = "<group>"; };
		DAFA9B802228907200B2CD4D /* Base */ = {isa = PBXFileReference; lastKnownFileType = file.storyboard; name = Base; path = Base.lproj/LaunchScreen.storyboard; sourceTree = "<group>"; };
		DAFA9B822228907200B2CD4D /* Info.plist */ = {isa = PBXFileReference; lastKnownFileType = text.plist.xml; path = Info.plist; sourceTree = "<group>"; };
		DAFD096A22297AA400F1255A /* NetworkService.swift */ = {isa = PBXFileReference; lastKnownFileType = sourcecode.swift; path = NetworkService.swift; sourceTree = "<group>"; };
		DAFD096E2229816C00F1255A /* Models.swift */ = {isa = PBXFileReference; fileEncoding = 4; lastKnownFileType = sourcecode.swift; path = Models.swift; sourceTree = "<group>"; };
		DAFD09742229872700F1255A /* ApiRequestParameters.swift */ = {isa = PBXFileReference; lastKnownFileType = sourcecode.swift; path = ApiRequestParameters.swift; sourceTree = "<group>"; };
		DAFD09772229903E00F1255A /* DishesRequests.swift */ = {isa = PBXFileReference; lastKnownFileType = sourcecode.swift; path = DishesRequests.swift; sourceTree = "<group>"; };
		F1E6713CA8F446E686381782 /* Pods-MeChef.debug.xcconfig */ = {isa = PBXFileReference; includeInIndex = 1; lastKnownFileType = text.xcconfig; name = "Pods-MeChef.debug.xcconfig"; path = "Pods/Target Support Files/Pods-MeChef/Pods-MeChef.debug.xcconfig"; sourceTree = "<group>"; };
/* End PBXFileReference section */

/* Begin PBXFrameworksBuildPhase section */
		DAFA9B6E2228907100B2CD4D /* Frameworks */ = {
			isa = PBXFrameworksBuildPhase;
			buildActionMask = 2147483647;
			files = (
				2145203C138997320BA5897D /* Pods_MeChef.framework in Frameworks */,
			);
			runOnlyForDeploymentPostprocessing = 0;
		};
/* End PBXFrameworksBuildPhase section */

/* Begin PBXGroup section */
		DA967C3504E28781135240AE /* Pods */ = {
			isa = PBXGroup;
			children = (
				F1E6713CA8F446E686381782 /* Pods-MeChef.debug.xcconfig */,
				D820362D14F07E8CE325649B /* Pods-MeChef.release.xcconfig */,
			);
			name = Pods;
			sourceTree = "<group>";
		};
		DADF5A24222AAE370064DB75 /* Enums */ = {
			isa = PBXGroup;
			children = (
				DADF5A25222AAE460064DB75 /* RequestError.swift */,
				DADF5A27222AAE5A0064DB75 /* LeadKitError.swift */,
			);
			path = Enums;
			sourceTree = "<group>";
		};
		DADF5A2B222AB4CE0064DB75 /* api-generator-templates */ = {
			isa = PBXGroup;
			children = (
				DADF5A2C222AB4CE0064DB75 /* Java */,
				DADF5A44222AB4CE0064DB75 /* Web-documentation */,
				DADF5A6F222AB4CE0064DB75 /* README.md */,
				DADF5A70222AB4CE0064DB75 /* Swift */,
			);
			path = "api-generator-templates";
			sourceTree = "<group>";
		};
		DADF5A2C222AB4CE0064DB75 /* Java */ = {
			isa = PBXGroup;
			children = (
				DADF5A2D222AB4CE0064DB75 /* blocks */,
				DADF5A3F222AB4CE0064DB75 /* ApiDateFormattingService.swift.twig */,
				DADF5A40222AB4CE0064DB75 /* Class.java.twig */,
				DADF5A41222AB4CE0064DB75 /* Enum.java.twig */,
				DADF5A42222AB4CE0064DB75 /* utils.twig */,
				DADF5A43222AB4CE0064DB75 /* Methods.java.twig */,
			);
			path = Java;
			sourceTree = "<group>";
		};
		DADF5A2D222AB4CE0064DB75 /* blocks */ = {
			isa = PBXGroup;
			children = (
				DADF5A2E222AB4CE0064DB75 /* enum */,
				DADF5A30222AB4CE0064DB75 /* class */,
				DADF5A3D222AB4CE0064DB75 /* method */,
			);
			path = blocks;
			sourceTree = "<group>";
		};
		DADF5A2E222AB4CE0064DB75 /* enum */ = {
			isa = PBXGroup;
			children = (
				DADF5A2F222AB4CE0064DB75 /* cases.twig */,
			);
			path = enum;
			sourceTree = "<group>";
		};
		DADF5A30222AB4CE0064DB75 /* class */ = {
			isa = PBXGroup;
			children = (
				DADF5A31222AB4CE0064DB75 /* fields-getters-setters.twig */,
				DADF5A32222AB4CE0064DB75 /* fields-initialization.twig */,
				DADF5A33222AB4CE0064DB75 /* fields-read-object.twig */,
				DADF5A34222AB4CE0064DB75 /* supertype.twig */,
				DADF5A35222AB4CE0064DB75 /* fields.twig */,
				DADF5A36222AB4CE0064DB75 /* type-parameters.twig */,
				DADF5A37222AB4CE0064DB75 /* fields-equals.twig */,
				DADF5A38222AB4CE0064DB75 /* classtype.twig */,
				DADF5A39222AB4CE0064DB75 /* fields-validate.twig */,
				DADF5A3A222AB4CE0064DB75 /* fields-write-object.twig */,
				DADF5A3B222AB4CE0064DB75 /* fields-super-initialization.twig */,
				DADF5A3C222AB4CE0064DB75 /* init-parameters-fields.twig */,
			);
			path = class;
			sourceTree = "<group>";
		};
		DADF5A3D222AB4CE0064DB75 /* method */ = {
			isa = PBXGroup;
			children = (
				DADF5A3E222AB4CE0064DB75 /* method-func.twig */,
			);
			path = method;
			sourceTree = "<group>";
		};
		DADF5A44222AB4CE0064DB75 /* Web-documentation */ = {
			isa = PBXGroup;
			children = (
				DADF5A45222AB4CE0064DB75 /* blocks */,
				DADF5A52222AB4CE0064DB75 /* table_of_contents.html.twig */,
				DADF5A53222AB4CE0064DB75 /* css */,
				DADF5A58222AB4CE0064DB75 /* methods.html.twig */,
				DADF5A59222AB4CE0064DB75 /* versioning.html.twig */,
				DADF5A5A222AB4CE0064DB75 /* images */,
				DADF5A5D222AB4CE0064DB75 /* searchItems.js.twig */,
				DADF5A5E222AB4CE0064DB75 /* js */,
				DADF5A60222AB4CE0064DB75 /* notification.html.twig */,
				DADF5A61222AB4CE0064DB75 /* structure_enumeration.html.twig */,
				DADF5A62222AB4CE0064DB75 /* index.html.twig */,
				DADF5A63222AB4CE0064DB75 /* all_contents.html.twig */,
				DADF5A64222AB4CE0064DB75 /* structure_objects.html.twig */,
				DADF5A65222AB4CE0064DB75 /* errors.html.twig */,
				DADF5A66222AB4CE0064DB75 /* utils.twig */,
				DADF5A67222AB4CE0064DB75 /* fonts */,
			);
			path = "Web-documentation";
			sourceTree = "<group>";
		};
		DADF5A45222AB4CE0064DB75 /* blocks */ = {
			isa = PBXGroup;
			children = (
				DADF5A46222AB4CE0064DB75 /* comment.html.twig */,
				DADF5A47222AB4CE0064DB75 /* method-body.html.twig */,
				DADF5A48222AB4CE0064DB75 /* head.html.twig */,
				DADF5A49222AB4CE0064DB75 /* table-of-contents-body.html.twig */,
				DADF5A4A222AB4CE0064DB75 /* enum-body.html.twig */,
				DADF5A4B222AB4CE0064DB75 /* secondary-menu.html.twig */,
				DADF5A4C222AB4CE0064DB75 /* header.html.twig */,
				DADF5A4D222AB4CE0064DB75 /* main-menu.html.twig */,
				DADF5A4E222AB4CE0064DB75 /* scripts.html.twig */,
				DADF5A4F222AB4CE0064DB75 /* field-row.html.twig */,
				DADF5A50222AB4CE0064DB75 /* sandbox-optional-nullable.html.twig */,
				DADF5A51222AB4CE0064DB75 /* class-body.html.twig */,
			);
			path = blocks;
			sourceTree = "<group>";
		};
		DADF5A53222AB4CE0064DB75 /* css */ = {
			isa = PBXGroup;
			children = (
				DADF5A54222AB4CE0064DB75 /* main.css */,
				DADF5A55222AB4CE0064DB75 /* social-font-embedded.css */,
				DADF5A56222AB4CE0064DB75 /* fonts.css */,
				DADF5A57222AB4CE0064DB75 /* normalize.css */,
			);
			path = css;
			sourceTree = "<group>";
		};
		DADF5A5A222AB4CE0064DB75 /* images */ = {
			isa = PBXGroup;
			children = (
				DADF5A5B222AB4CE0064DB75 /* vertical-split.png */,
				DADF5A5C222AB4CE0064DB75 /* logo.png */,
			);
			path = images;
			sourceTree = "<group>";
		};
		DADF5A5E222AB4CE0064DB75 /* js */ = {
			isa = PBXGroup;
			children = (
				DADF5A5F222AB4CE0064DB75 /* main.js */,
			);
			path = js;
			sourceTree = "<group>";
		};
		DADF5A67222AB4CE0064DB75 /* fonts */ = {
			isa = PBXGroup;
			children = (
				DADF5A68222AB4CE0064DB75 /* Roboto-Medium.ttf */,
				DADF5A69222AB4CE0064DB75 /* social-font.eot */,
				DADF5A6A222AB4CE0064DB75 /* Roboto-Regular.ttf */,
				DADF5A6B222AB4CE0064DB75 /* social-font.ttf */,
				DADF5A6C222AB4CE0064DB75 /* social-font.woff */,
				DADF5A6D222AB4CE0064DB75 /* social-font.svg */,
				DADF5A6E222AB4CE0064DB75 /* Roboto-Bold.ttf */,
			);
			path = fonts;
			sourceTree = "<group>";
		};
		DADF5A70222AB4CE0064DB75 /* Swift */ = {
			isa = PBXGroup;
			children = (
				DADF5A71222AB4CE0064DB75 /* blocks */,
				DADF5A7F222AB4CE0064DB75 /* ApiDateFormattingService.swift.twig */,
				DADF5A80222AB4CE0064DB75 /* Methods.swift.twig */,
				DADF5A81222AB4CE0064DB75 /* Class.swift.twig */,
				DADF5A82222AB4CE0064DB75 /* macroses */,
				DADF5A86222AB4CE0064DB75 /* NetworkService.swift.twig */,
				DADF5A87222AB4CE0064DB75 /* Enum.swift.twig */,
			);
			path = Swift;
			sourceTree = "<group>";
		};
		DADF5A71222AB4CE0064DB75 /* blocks */ = {
			isa = PBXGroup;
			children = (
				DADF5A72222AB4CE0064DB75 /* enum */,
				DADF5A74222AB4CE0064DB75 /* class */,
				DADF5A7D222AB4CE0064DB75 /* method */,
			);
			path = blocks;
			sourceTree = "<group>";
		};
		DADF5A72222AB4CE0064DB75 /* enum */ = {
			isa = PBXGroup;
			children = (
				DADF5A73222AB4CE0064DB75 /* cases.twig */,
			);
			path = enum;
			sourceTree = "<group>";
		};
		DADF5A74222AB4CE0064DB75 /* class */ = {
			isa = PBXGroup;
			children = (
				DADF5A75222AB4CE0064DB75 /* fields-initialization.twig */,
				DADF5A76222AB4CE0064DB75 /* fields.twig */,
				DADF5A77222AB4CE0064DB75 /* date-transformers.twig */,
				DADF5A78222AB4CE0064DB75 /* fields-mapping-from-map.twig */,
				DADF5A79222AB4CE0064DB75 /* fields-super-initialization.twig */,
				DADF5A7A222AB4CE0064DB75 /* init-parameters-fields.twig */,
				DADF5A7B222AB4CE0064DB75 /* fields-hash.twig */,
				DADF5A7C222AB4CE0064DB75 /* fields-mapping-to-map.twig */,
			);
			path = class;
			sourceTree = "<group>";
		};
		DADF5A7D222AB4CE0064DB75 /* method */ = {
			isa = PBXGroup;
			children = (
				DADF5A7E222AB4CE0064DB75 /* method-func.twig */,
			);
			path = method;
			sourceTree = "<group>";
		};
		DADF5A82222AB4CE0064DB75 /* macroses */ = {
			isa = PBXGroup;
			children = (
				DADF5A83222AB4CE0064DB75 /* enum.utils.twig */,
				DADF5A84222AB4CE0064DB75 /* common.utils.twig */,
				DADF5A85222AB4CE0064DB75 /* class.utils.twig */,
			);
			path = macroses;
			sourceTree = "<group>";
		};
		DAFA9B682228907100B2CD4D = {
			isa = PBXGroup;
			children = (
				DAFA9B732228907100B2CD4D /* MeChef */,
				DAFD096D2229816C00F1255A /* Generated */,
				DADF5A2B222AB4CE0064DB75 /* api-generator-templates */,
				DAFA9B722228907100B2CD4D /* Products */,
				DA967C3504E28781135240AE /* Pods */,
				F2CACE70F004F25205BD3ECB /* Frameworks */,
			);
			sourceTree = "<group>";
		};
		DAFA9B722228907100B2CD4D /* Products */ = {
			isa = PBXGroup;
			children = (
				DAFA9B712228907100B2CD4D /* MeChef.app */,
			);
			name = Products;
			sourceTree = "<group>";
		};
		DAFA9B732228907100B2CD4D /* MeChef */ = {
			isa = PBXGroup;
			children = (
				DAFA9B822228907200B2CD4D /* Info.plist */,
				DAFA9B742228907100B2CD4D /* AppDelegate.swift */,
				DAFA9B7D2228907200B2CD4D /* Assets.xcassets */,
				DAFA9B7F2228907200B2CD4D /* LaunchScreen.storyboard */,
				DAFA9B7A2228907100B2CD4D /* Main.storyboard */,
				DAFA9BA62228915400B2CD4D /* Cells */,
				DAFA9BA52228914E00B2CD4D /* Controllers */,
				DAFD0970222981DC00F1255A /* Extensions */,
				DAFA9BA42228914100B2CD4D /* Service */,
			);
			path = MeChef;
			sourceTree = "<group>";
		};
		DAFA9BA42228914100B2CD4D /* Service */ = {
			isa = PBXGroup;
			children = (
				DAFD0972222986F700F1255A /* Network */,
			);
			path = Service;
			sourceTree = "<group>";
		};
		DAFA9BA52228914E00B2CD4D /* Controllers */ = {
			isa = PBXGroup;
			children = (
				DAFA9B762228907100B2CD4D /* FirstViewController.swift */,
				DAFA9B782228907100B2CD4D /* SecondViewController.swift */,
			);
			path = Controllers;
			sourceTree = "<group>";
		};
		DAFA9BA62228915400B2CD4D /* Cells */ = {
			isa = PBXGroup;
			children = (
			);
			path = Cells;
			sourceTree = "<group>";
		};
		DAFD096D2229816C00F1255A /* Generated */ = {
			isa = PBXGroup;
			children = (
				DAFD096E2229816C00F1255A /* Models.swift */,
			);
			path = Generated;
			sourceTree = "<group>";
		};
		DAFD0970222981DC00F1255A /* Extensions */ = {
			isa = PBXGroup;
			children = (
			);
			path = Extensions;
			sourceTree = "<group>";
		};
		DAFD0972222986F700F1255A /* Network */ = {
			isa = PBXGroup;
			children = (
				DADF5A24222AAE370064DB75 /* Enums */,
				DAFD09732229870600F1255A /* Requests */,
				DAFD09742229872700F1255A /* ApiRequestParameters.swift */,
				DAFD096A22297AA400F1255A /* NetworkService.swift */,
				DADF5A29222AAEB10064DB75 /* NetworkService+Extensions.swift */,
			);
			path = Network;
			sourceTree = "<group>";
		};
		DAFD09732229870600F1255A /* Requests */ = {
			isa = PBXGroup;
			children = (
				DAFD09772229903E00F1255A /* DishesRequests.swift */,
			);
			path = Requests;
			sourceTree = "<group>";
		};
		F2CACE70F004F25205BD3ECB /* Frameworks */ = {
			isa = PBXGroup;
			children = (
				68821EE02BE2B187393C88B2 /* Pods_MeChef.framework */,
			);
			name = Frameworks;
			sourceTree = "<group>";
		};
/* End PBXGroup section */

/* Begin PBXNativeTarget section */
		DAFA9B702228907100B2CD4D /* MeChef */ = {
			isa = PBXNativeTarget;
			buildConfigurationList = DAFA9B9B2228907300B2CD4D /* Build configuration list for PBXNativeTarget "MeChef" */;
			buildPhases = (
				47EFAFB9C0B43857BAF8A860 /* [CP] Check Pods Manifest.lock */,
				DAFD09712229841300F1255A /* API Generator */,
				DAFA9B6D2228907100B2CD4D /* Sources */,
				DAFA9B6E2228907100B2CD4D /* Frameworks */,
				DAFA9B6F2228907100B2CD4D /* Resources */,
				DADF5A23222AABEE0064DB75 /* SwiftLint */,
				C8BD2C9BD4CA206461290B06 /* [CP] Embed Pods Frameworks */,
			);
			buildRules = (
			);
			dependencies = (
			);
			name = MeChef;
			productName = MeChef;
			productReference = DAFA9B712228907100B2CD4D /* MeChef.app */;
			productType = "com.apple.product-type.application";
		};
/* End PBXNativeTarget section */

/* Begin PBXProject section */
		DAFA9B692228907100B2CD4D /* Project object */ = {
			isa = PBXProject;
			attributes = {
				LastSwiftUpdateCheck = 1010;
				LastUpgradeCheck = 1010;
				ORGANIZATIONNAME = YC;
				TargetAttributes = {
					DAFA9B702228907100B2CD4D = {
						CreatedOnToolsVersion = 10.1;
					};
				};
			};
			buildConfigurationList = DAFA9B6C2228907100B2CD4D /* Build configuration list for PBXProject "MeChef" */;
			compatibilityVersion = "Xcode 9.3";
			developmentRegion = en;
			hasScannedForEncodings = 0;
			knownRegions = (
				en,
				Base,
			);
			mainGroup = DAFA9B682228907100B2CD4D;
			productRefGroup = DAFA9B722228907100B2CD4D /* Products */;
			projectDirPath = "";
			projectRoot = "";
			targets = (
				DAFA9B702228907100B2CD4D /* MeChef */,
			);
		};
/* End PBXProject section */

/* Begin PBXResourcesBuildPhase section */
		DAFA9B6F2228907100B2CD4D /* Resources */ = {
			isa = PBXResourcesBuildPhase;
			buildActionMask = 2147483647;
			files = (
				DADF5AB3222AB4CF0064DB75 /* structure_enumeration.html.twig in Resources */,
				DADF5A9A222AB4CF0064DB75 /* Methods.java.twig in Resources */,
				DADF5A98222AB4CF0064DB75 /* Enum.java.twig in Resources */,
				DADF5A8F222AB4CE0064DB75 /* fields-equals.twig in Resources */,
				DADF5AC6222AB4CF0064DB75 /* fields-super-initialization.twig in Resources */,
				DADF5A8E222AB4CE0064DB75 /* type-parameters.twig in Resources */,
				DADF5AC2222AB4CF0064DB75 /* fields-initialization.twig in Resources */,
				DADF5AD1222AB4CF0064DB75 /* NetworkService.swift.twig in Resources */,
				DADF5A91222AB4CE0064DB75 /* fields-validate.twig in Resources */,
				DADF5AA3222AB4CF0064DB75 /* scripts.html.twig in Resources */,
				DADF5A8D222AB4CE0064DB75 /* fields.twig in Resources */,
				DADF5AC3222AB4CF0064DB75 /* fields.twig in Resources */,
				DADF5A9E222AB4CF0064DB75 /* table-of-contents-body.html.twig in Resources */,
				DADF5AA4222AB4CF0064DB75 /* field-row.html.twig in Resources */,
				DADF5ACF222AB4CF0064DB75 /* common.utils.twig in Resources */,
				DADF5AC8222AB4CF0064DB75 /* fields-hash.twig in Resources */,
				DADF5A99222AB4CF0064DB75 /* utils.twig in Resources */,
				DADF5AA1222AB4CF0064DB75 /* header.html.twig in Resources */,
				DADF5ABB222AB4CF0064DB75 /* Roboto-Regular.ttf in Resources */,
				DADF5AD0222AB4CF0064DB75 /* class.utils.twig in Resources */,
				DADF5A8C222AB4CE0064DB75 /* supertype.twig in Resources */,
				DAFA9B812228907200B2CD4D /* LaunchScreen.storyboard in Resources */,
				DADF5AA7222AB4CF0064DB75 /* table_of_contents.html.twig in Resources */,
				DADF5AA9222AB4CF0064DB75 /* social-font-embedded.css in Resources */,
				DADF5AB8222AB4CF0064DB75 /* utils.twig in Resources */,
				DADF5A8A222AB4CE0064DB75 /* fields-initialization.twig in Resources */,
				DAFA9B7E2228907200B2CD4D /* Assets.xcassets in Resources */,
				DADF5ABE222AB4CF0064DB75 /* social-font.svg in Resources */,
				DADF5A97222AB4CF0064DB75 /* Class.java.twig in Resources */,
				DADF5AB4222AB4CF0064DB75 /* index.html.twig in Resources */,
				DADF5AD2222AB4CF0064DB75 /* Enum.swift.twig in Resources */,
				DADF5AAD222AB4CF0064DB75 /* versioning.html.twig in Resources */,
				DADF5AC7222AB4CF0064DB75 /* init-parameters-fields.twig in Resources */,
				DADF5AB7222AB4CF0064DB75 /* errors.html.twig in Resources */,
				DADF5AA2222AB4CF0064DB75 /* main-menu.html.twig in Resources */,
				DADF5A9B222AB4CF0064DB75 /* comment.html.twig in Resources */,
				DADF5AAA222AB4CF0064DB75 /* fonts.css in Resources */,
				DADF5AAE222AB4CF0064DB75 /* vertical-split.png in Resources */,
				DADF5ACC222AB4CF0064DB75 /* Methods.swift.twig in Resources */,
				DADF5AB0222AB4CF0064DB75 /* searchItems.js.twig in Resources */,
				DADF5AB1222AB4CF0064DB75 /* main.js in Resources */,
				DADF5ACD222AB4CF0064DB75 /* Class.swift.twig in Resources */,
				DADF5AA0222AB4CF0064DB75 /* secondary-menu.html.twig in Resources */,
				DADF5AA8222AB4CF0064DB75 /* main.css in Resources */,
				DADF5A9F222AB4CF0064DB75 /* enum-body.html.twig in Resources */,
				DADF5A9C222AB4CF0064DB75 /* method-body.html.twig in Resources */,
				DADF5ACB222AB4CF0064DB75 /* ApiDateFormattingService.swift.twig in Resources */,
				DADF5A95222AB4CF0064DB75 /* method-func.twig in Resources */,
				DADF5AA5222AB4CF0064DB75 /* sandbox-optional-nullable.html.twig in Resources */,
				DADF5AC1222AB4CF0064DB75 /* cases.twig in Resources */,
				DADF5A9D222AB4CF0064DB75 /* head.html.twig in Resources */,
				DADF5AAF222AB4CF0064DB75 /* logo.png in Resources */,
				DADF5A88222AB4CE0064DB75 /* cases.twig in Resources */,
				DADF5A89222AB4CE0064DB75 /* fields-getters-setters.twig in Resources */,
				DADF5AB2222AB4CF0064DB75 /* notification.html.twig in Resources */,
				DADF5AC0222AB4CF0064DB75 /* README.md in Resources */,
				DADF5AAB222AB4CF0064DB75 /* normalize.css in Resources */,
				DADF5AB5222AB4CF0064DB75 /* all_contents.html.twig in Resources */,
				DADF5AC4222AB4CF0064DB75 /* date-transformers.twig in Resources */,
				DADF5AB9222AB4CF0064DB75 /* Roboto-Medium.ttf in Resources */,
				DADF5A8B222AB4CE0064DB75 /* fields-read-object.twig in Resources */,
				DADF5ABD222AB4CF0064DB75 /* social-font.woff in Resources */,
				DAFA9B7C2228907100B2CD4D /* Main.storyboard in Resources */,
				DADF5AAC222AB4CF0064DB75 /* methods.html.twig in Resources */,
				DADF5A96222AB4CF0064DB75 /* ApiDateFormattingService.swift.twig in Resources */,
				DADF5AA6222AB4CF0064DB75 /* class-body.html.twig in Resources */,
				DADF5ABA222AB4CF0064DB75 /* social-font.eot in Resources */,
				DADF5ABC222AB4CF0064DB75 /* social-font.ttf in Resources */,
				DADF5AB6222AB4CF0064DB75 /* structure_objects.html.twig in Resources */,
				DADF5A92222AB4CE0064DB75 /* fields-write-object.twig in Resources */,
				DADF5A94222AB4CE0064DB75 /* init-parameters-fields.twig in Resources */,
				DADF5AC5222AB4CF0064DB75 /* fields-mapping-from-map.twig in Resources */,
				DADF5ACE222AB4CF0064DB75 /* enum.utils.twig in Resources */,
				DADF5ACA222AB4CF0064DB75 /* method-func.twig in Resources */,
				DADF5A93222AB4CE0064DB75 /* fields-super-initialization.twig in Resources */,
				DADF5A90222AB4CE0064DB75 /* classtype.twig in Resources */,
				DADF5AC9222AB4CF0064DB75 /* fields-mapping-to-map.twig in Resources */,
				DADF5ABF222AB4CF0064DB75 /* Roboto-Bold.ttf in Resources */,
			);
			runOnlyForDeploymentPostprocessing = 0;
		};
/* End PBXResourcesBuildPhase section */

/* Begin PBXShellScriptBuildPhase section */
		47EFAFB9C0B43857BAF8A860 /* [CP] Check Pods Manifest.lock */ = {
			isa = PBXShellScriptBuildPhase;
			buildActionMask = 2147483647;
			files = (
			);
			inputPaths = (
				"${PODS_PODFILE_DIR_PATH}/Podfile.lock",
				"${PODS_ROOT}/Manifest.lock",
			);
			name = "[CP] Check Pods Manifest.lock";
			outputPaths = (
				"$(DERIVED_FILE_DIR)/Pods-MeChef-checkManifestLockResult.txt",
			);
			runOnlyForDeploymentPostprocessing = 0;
			shellPath = /bin/sh;
			shellScript = "diff \"${PODS_PODFILE_DIR_PATH}/Podfile.lock\" \"${PODS_ROOT}/Manifest.lock\" > /dev/null\nif [ $? != 0 ] ; then\n    # print error to STDERR\n    echo \"error: The sandbox is not in sync with the Podfile.lock. Run 'pod install' or update your CocoaPods installation.\" >&2\n    exit 1\nfi\n# This output is used by Xcode 'outputs' to avoid re-running this script phase.\necho \"SUCCESS\" > \"${SCRIPT_OUTPUT_FILE_0}\"\n";
			showEnvVarsInLog = 0;
		};
		C8BD2C9BD4CA206461290B06 /* [CP] Embed Pods Frameworks */ = {
			isa = PBXShellScriptBuildPhase;
			buildActionMask = 2147483647;
			files = (
			);
			inputPaths = (
				"${SRCROOT}/Pods/Target Support Files/Pods-MeChef/Pods-MeChef-frameworks.sh",
				"${BUILT_PRODUCTS_DIR}/Alamofire/Alamofire.framework",
				"${BUILT_PRODUCTS_DIR}/ObjectMapper/ObjectMapper.framework",
				"${BUILT_PRODUCTS_DIR}/RxAlamofire/RxAlamofire.framework",
				"${BUILT_PRODUCTS_DIR}/RxAtomic/RxAtomic.framework",
				"${BUILT_PRODUCTS_DIR}/RxCocoa/RxCocoa.framework",
				"${BUILT_PRODUCTS_DIR}/RxGesture/RxGesture.framework",
				"${BUILT_PRODUCTS_DIR}/RxSwift/RxSwift.framework",
			);
			name = "[CP] Embed Pods Frameworks";
			outputPaths = (
				"${TARGET_BUILD_DIR}/${FRAMEWORKS_FOLDER_PATH}/Alamofire.framework",
				"${TARGET_BUILD_DIR}/${FRAMEWORKS_FOLDER_PATH}/ObjectMapper.framework",
				"${TARGET_BUILD_DIR}/${FRAMEWORKS_FOLDER_PATH}/RxAlamofire.framework",
				"${TARGET_BUILD_DIR}/${FRAMEWORKS_FOLDER_PATH}/RxAtomic.framework",
				"${TARGET_BUILD_DIR}/${FRAMEWORKS_FOLDER_PATH}/RxCocoa.framework",
				"${TARGET_BUILD_DIR}/${FRAMEWORKS_FOLDER_PATH}/RxGesture.framework",
				"${TARGET_BUILD_DIR}/${FRAMEWORKS_FOLDER_PATH}/RxSwift.framework",
			);
			runOnlyForDeploymentPostprocessing = 0;
			shellPath = /bin/sh;
			shellScript = "\"${SRCROOT}/Pods/Target Support Files/Pods-MeChef/Pods-MeChef-frameworks.sh\"\n";
			showEnvVarsInLog = 0;
		};
		DADF5A23222AABEE0064DB75 /* SwiftLint */ = {
			isa = PBXShellScriptBuildPhase;
			buildActionMask = 2147483647;
			files = (
			);
			inputFileListPaths = (
			);
			inputPaths = (
			);
			name = SwiftLint;
			outputFileListPaths = (
			);
			outputPaths = (
			);
			runOnlyForDeploymentPostprocessing = 0;
			shellPath = /bin/sh;
			shellScript = "${PODS_ROOT}/SwiftLint/swiftlint --path MeChef\n";
		};
		DAFD09712229841300F1255A /* API Generator */ = {
			isa = PBXShellScriptBuildPhase;
			buildActionMask = 2147483647;
			files = (
			);
			inputPaths = (
			);
			name = "API Generator";
			outputPaths = (
			);
			runOnlyForDeploymentPostprocessing = 0;
			shellPath = "/bin/sh -l";
			shellScript = "java -jar api-generator-1.0.4-all.jar --specification-path common/api/ --output-path Generated --templates-path api-generator-templates/Swift --action generate-client-code --single-file true\n\n";
		};
/* End PBXShellScriptBuildPhase section */

/* Begin PBXSourcesBuildPhase section */
		DAFA9B6D2228907100B2CD4D /* Sources */ = {
			isa = PBXSourcesBuildPhase;
			buildActionMask = 2147483647;
			files = (
				DADF5A26222AAE460064DB75 /* RequestError.swift in Sources */,
				DAFA9B792228907100B2CD4D /* SecondViewController.swift in Sources */,
				DAFA9B752228907100B2CD4D /* AppDelegate.swift in Sources */,
				DAFD09752229872700F1255A /* ApiRequestParameters.swift in Sources */,
				DAFD096B22297AA400F1255A /* NetworkService.swift in Sources */,
				DAFA9B772228907100B2CD4D /* FirstViewController.swift in Sources */,
				DAFD09782229903E00F1255A /* DishesRequests.swift in Sources */,
				DADF5A28222AAE5A0064DB75 /* LeadKitError.swift in Sources */,
				DADF5A2A222AAEB10064DB75 /* NetworkService+Extensions.swift in Sources */,
				DAFD096F2229816C00F1255A /* Models.swift in Sources */,
			);
			runOnlyForDeploymentPostprocessing = 0;
		};
/* End PBXSourcesBuildPhase section */

/* Begin PBXVariantGroup section */
		DAFA9B7A2228907100B2CD4D /* Main.storyboard */ = {
			isa = PBXVariantGroup;
			children = (
				DAFA9B7B2228907100B2CD4D /* Base */,
			);
			name = Main.storyboard;
			sourceTree = "<group>";
		};
		DAFA9B7F2228907200B2CD4D /* LaunchScreen.storyboard */ = {
			isa = PBXVariantGroup;
			children = (
				DAFA9B802228907200B2CD4D /* Base */,
			);
			name = LaunchScreen.storyboard;
			sourceTree = "<group>";
		};
/* End PBXVariantGroup section */

/* Begin XCBuildConfiguration section */
		DAFA9B992228907300B2CD4D /* Debug */ = {
			isa = XCBuildConfiguration;
			buildSettings = {
				ALWAYS_SEARCH_USER_PATHS = NO;
				CLANG_ANALYZER_NONNULL = YES;
				CLANG_ANALYZER_NUMBER_OBJECT_CONVERSION = YES_AGGRESSIVE;
				CLANG_CXX_LANGUAGE_STANDARD = "gnu++14";
				CLANG_CXX_LIBRARY = "libc++";
				CLANG_ENABLE_MODULES = YES;
				CLANG_ENABLE_OBJC_ARC = YES;
				CLANG_ENABLE_OBJC_WEAK = YES;
				CLANG_WARN_BLOCK_CAPTURE_AUTORELEASING = YES;
				CLANG_WARN_BOOL_CONVERSION = YES;
				CLANG_WARN_COMMA = YES;
				CLANG_WARN_CONSTANT_CONVERSION = YES;
				CLANG_WARN_DEPRECATED_OBJC_IMPLEMENTATIONS = YES;
				CLANG_WARN_DIRECT_OBJC_ISA_USAGE = YES_ERROR;
				CLANG_WARN_DOCUMENTATION_COMMENTS = YES;
				CLANG_WARN_EMPTY_BODY = YES;
				CLANG_WARN_ENUM_CONVERSION = YES;
				CLANG_WARN_INFINITE_RECURSION = YES;
				CLANG_WARN_INT_CONVERSION = YES;
				CLANG_WARN_NON_LITERAL_NULL_CONVERSION = YES;
				CLANG_WARN_OBJC_IMPLICIT_RETAIN_SELF = YES;
				CLANG_WARN_OBJC_LITERAL_CONVERSION = YES;
				CLANG_WARN_OBJC_ROOT_CLASS = YES_ERROR;
				CLANG_WARN_RANGE_LOOP_ANALYSIS = YES;
				CLANG_WARN_STRICT_PROTOTYPES = YES;
				CLANG_WARN_SUSPICIOUS_MOVE = YES;
				CLANG_WARN_UNGUARDED_AVAILABILITY = YES_AGGRESSIVE;
				CLANG_WARN_UNREACHABLE_CODE = YES;
				CLANG_WARN__DUPLICATE_METHOD_MATCH = YES;
				CODE_SIGN_IDENTITY = "iPhone Developer";
				COPY_PHASE_STRIP = NO;
				DEBUG_INFORMATION_FORMAT = dwarf;
				ENABLE_STRICT_OBJC_MSGSEND = YES;
				ENABLE_TESTABILITY = YES;
				GCC_C_LANGUAGE_STANDARD = gnu11;
				GCC_DYNAMIC_NO_PIC = NO;
				GCC_NO_COMMON_BLOCKS = YES;
				GCC_OPTIMIZATION_LEVEL = 0;
				GCC_PREPROCESSOR_DEFINITIONS = (
					"DEBUG=1",
					"$(inherited)",
				);
				GCC_WARN_64_TO_32_BIT_CONVERSION = YES;
				GCC_WARN_ABOUT_RETURN_TYPE = YES_ERROR;
				GCC_WARN_UNDECLARED_SELECTOR = YES;
				GCC_WARN_UNINITIALIZED_AUTOS = YES_AGGRESSIVE;
				GCC_WARN_UNUSED_FUNCTION = YES;
				GCC_WARN_UNUSED_VARIABLE = YES;
				IPHONEOS_DEPLOYMENT_TARGET = 12.1;
				MTL_ENABLE_DEBUG_INFO = INCLUDE_SOURCE;
				MTL_FAST_MATH = YES;
				ONLY_ACTIVE_ARCH = YES;
				SDKROOT = iphoneos;
				SWIFT_ACTIVE_COMPILATION_CONDITIONS = DEBUG;
				SWIFT_OPTIMIZATION_LEVEL = "-Onone";
			};
			name = Debug;
		};
		DAFA9B9A2228907300B2CD4D /* Release */ = {
			isa = XCBuildConfiguration;
			buildSettings = {
				ALWAYS_SEARCH_USER_PATHS = NO;
				CLANG_ANALYZER_NONNULL = YES;
				CLANG_ANALYZER_NUMBER_OBJECT_CONVERSION = YES_AGGRESSIVE;
				CLANG_CXX_LANGUAGE_STANDARD = "gnu++14";
				CLANG_CXX_LIBRARY = "libc++";
				CLANG_ENABLE_MODULES = YES;
				CLANG_ENABLE_OBJC_ARC = YES;
				CLANG_ENABLE_OBJC_WEAK = YES;
				CLANG_WARN_BLOCK_CAPTURE_AUTORELEASING = YES;
				CLANG_WARN_BOOL_CONVERSION = YES;
				CLANG_WARN_COMMA = YES;
				CLANG_WARN_CONSTANT_CONVERSION = YES;
				CLANG_WARN_DEPRECATED_OBJC_IMPLEMENTATIONS = YES;
				CLANG_WARN_DIRECT_OBJC_ISA_USAGE = YES_ERROR;
				CLANG_WARN_DOCUMENTATION_COMMENTS = YES;
				CLANG_WARN_EMPTY_BODY = YES;
				CLANG_WARN_ENUM_CONVERSION = YES;
				CLANG_WARN_INFINITE_RECURSION = YES;
				CLANG_WARN_INT_CONVERSION = YES;
				CLANG_WARN_NON_LITERAL_NULL_CONVERSION = YES;
				CLANG_WARN_OBJC_IMPLICIT_RETAIN_SELF = YES;
				CLANG_WARN_OBJC_LITERAL_CONVERSION = YES;
				CLANG_WARN_OBJC_ROOT_CLASS = YES_ERROR;
				CLANG_WARN_RANGE_LOOP_ANALYSIS = YES;
				CLANG_WARN_STRICT_PROTOTYPES = YES;
				CLANG_WARN_SUSPICIOUS_MOVE = YES;
				CLANG_WARN_UNGUARDED_AVAILABILITY = YES_AGGRESSIVE;
				CLANG_WARN_UNREACHABLE_CODE = YES;
				CLANG_WARN__DUPLICATE_METHOD_MATCH = YES;
				CODE_SIGN_IDENTITY = "iPhone Developer";
				COPY_PHASE_STRIP = NO;
				DEBUG_INFORMATION_FORMAT = "dwarf-with-dsym";
				ENABLE_NS_ASSERTIONS = NO;
				ENABLE_STRICT_OBJC_MSGSEND = YES;
				GCC_C_LANGUAGE_STANDARD = gnu11;
				GCC_NO_COMMON_BLOCKS = YES;
				GCC_WARN_64_TO_32_BIT_CONVERSION = YES;
				GCC_WARN_ABOUT_RETURN_TYPE = YES_ERROR;
				GCC_WARN_UNDECLARED_SELECTOR = YES;
				GCC_WARN_UNINITIALIZED_AUTOS = YES_AGGRESSIVE;
				GCC_WARN_UNUSED_FUNCTION = YES;
				GCC_WARN_UNUSED_VARIABLE = YES;
				IPHONEOS_DEPLOYMENT_TARGET = 12.1;
				MTL_ENABLE_DEBUG_INFO = NO;
				MTL_FAST_MATH = YES;
				SDKROOT = iphoneos;
				SWIFT_COMPILATION_MODE = wholemodule;
				SWIFT_OPTIMIZATION_LEVEL = "-O";
				VALIDATE_PRODUCT = YES;
			};
			name = Release;
		};
		DAFA9B9C2228907300B2CD4D /* Debug */ = {
			isa = XCBuildConfiguration;
			baseConfigurationReference = F1E6713CA8F446E686381782 /* Pods-MeChef.debug.xcconfig */;
			buildSettings = {
				ASSETCATALOG_COMPILER_APPICON_NAME = AppIcon;
				CODE_SIGN_STYLE = Automatic;
				DEVELOPMENT_TEAM = ZWDDZD6GHF;
				INFOPLIST_FILE = MeChef/Info.plist;
				IPHONEOS_DEPLOYMENT_TARGET = 11.0;
				LD_RUNPATH_SEARCH_PATHS = (
					"$(inherited)",
					"@executable_path/Frameworks",
				);
				PRODUCT_BUNDLE_IDENTIFIER = es.YC.MeChef;
				PRODUCT_NAME = "$(TARGET_NAME)";
				SWIFT_VERSION = 4.2;
				TARGETED_DEVICE_FAMILY = "1,2";
			};
			name = Debug;
		};
		DAFA9B9D2228907300B2CD4D /* Release */ = {
			isa = XCBuildConfiguration;
			baseConfigurationReference = D820362D14F07E8CE325649B /* Pods-MeChef.release.xcconfig */;
			buildSettings = {
				ASSETCATALOG_COMPILER_APPICON_NAME = AppIcon;
				CODE_SIGN_STYLE = Automatic;
				DEVELOPMENT_TEAM = ZWDDZD6GHF;
				INFOPLIST_FILE = MeChef/Info.plist;
				IPHONEOS_DEPLOYMENT_TARGET = 11.0;
				LD_RUNPATH_SEARCH_PATHS = (
					"$(inherited)",
					"@executable_path/Frameworks",
				);
				PRODUCT_BUNDLE_IDENTIFIER = es.YC.MeChef;
				PRODUCT_NAME = "$(TARGET_NAME)";
				SWIFT_VERSION = 4.2;
				TARGETED_DEVICE_FAMILY = "1,2";
			};
			name = Release;
		};
/* End XCBuildConfiguration section */

/* Begin XCConfigurationList section */
		DAFA9B6C2228907100B2CD4D /* Build configuration list for PBXProject "MeChef" */ = {
			isa = XCConfigurationList;
			buildConfigurations = (
				DAFA9B992228907300B2CD4D /* Debug */,
				DAFA9B9A2228907300B2CD4D /* Release */,
			);
			defaultConfigurationIsVisible = 0;
			defaultConfigurationName = Release;
		};
		DAFA9B9B2228907300B2CD4D /* Build configuration list for PBXNativeTarget "MeChef" */ = {
			isa = XCConfigurationList;
			buildConfigurations = (
				DAFA9B9C2228907300B2CD4D /* Debug */,
				DAFA9B9D2228907300B2CD4D /* Release */,
			);
			defaultConfigurationIsVisible = 0;
			defaultConfigurationName = Release;
		};
/* End XCConfigurationList section */
	};
	rootObject = DAFA9B692228907100B2CD4D /* Project object */;
}
